// !$*UTF8*$!
{
	archiveVersion = 1;
	classes = {
	};
	objectVersion = 56;
	objects = {

/* Begin PBXBuildFile section */
		C50597AC2B821C240058B519 /* AuthorizationViewController.swift in Sources */ = {isa = PBXBuildFile; fileRef = C50597AB2B821C240058B519 /* AuthorizationViewController.swift */; };
		C50597AE2B821C9D0058B519 /* AuthorizationModuleFactory.swift in Sources */ = {isa = PBXBuildFile; fileRef = C50597AD2B821C9D0058B519 /* AuthorizationModuleFactory.swift */; };
		C50597B02B821CE90058B519 /* AuthorizationCoordinator.swift in Sources */ = {isa = PBXBuildFile; fileRef = C50597AF2B821CE90058B519 /* AuthorizationCoordinator.swift */; };
		C50597B32B8233BF0058B519 /* IQKeyboardManagerSwift in Frameworks */ = {isa = PBXBuildFile; productRef = C50597B22B8233BF0058B519 /* IQKeyboardManagerSwift */; };
		C50597B52B8235C00058B519 /* AuthorizationCheckboxView.swift in Sources */ = {isa = PBXBuildFile; fileRef = C50597B42B8235C00058B519 /* AuthorizationCheckboxView.swift */; };
		C5105F292BB4805C000D5B28 /* SearchViewController.swift in Sources */ = {isa = PBXBuildFile; fileRef = C5105F282BB4805C000D5B28 /* SearchViewController.swift */; };
		C5105F2B2BB4806F000D5B28 /* SearchTableViewDataSourceImpl.swift in Sources */ = {isa = PBXBuildFile; fileRef = C5105F2A2BB4806F000D5B28 /* SearchTableViewDataSourceImpl.swift */; };
		C5105F2D2BB48167000D5B28 /* SearchTableViewDelegateImpl.swift in Sources */ = {isa = PBXBuildFile; fileRef = C5105F2C2BB48167000D5B28 /* SearchTableViewDelegateImpl.swift */; };
		C5105F302BB481B6000D5B28 /* SearchStore.swift in Sources */ = {isa = PBXBuildFile; fileRef = C5105F2F2BB481B6000D5B28 /* SearchStore.swift */; };
		C5105F332BB48259000D5B28 /* TableViewItemCellModel.swift in Sources */ = {isa = PBXBuildFile; fileRef = C5105F322BB48259000D5B28 /* TableViewItemCellModel.swift */; };
		C5105F352BB482A4000D5B28 /* TableViewItemCell.swift in Sources */ = {isa = PBXBuildFile; fileRef = C5105F342BB482A4000D5B28 /* TableViewItemCell.swift */; };
		C5105F372BB49311000D5B28 /* Collection+Safe.swift in Sources */ = {isa = PBXBuildFile; fileRef = C5105F362BB49311000D5B28 /* Collection+Safe.swift */; };
		C511A81E2B811D95002DB0E4 /* Mulish-ExtraBold.ttf in Resources */ = {isa = PBXBuildFile; fileRef = C511A81D2B811D95002DB0E4 /* Mulish-ExtraBold.ttf */; };
		C511A8202B811D9F002DB0E4 /* Mulish-Light.ttf in Resources */ = {isa = PBXBuildFile; fileRef = C511A81F2B811D9B002DB0E4 /* Mulish-Light.ttf */; };
		C511A8222B811DAA002DB0E4 /* Mulish-Regular.ttf in Resources */ = {isa = PBXBuildFile; fileRef = C511A8212B811DAA002DB0E4 /* Mulish-Regular.ttf */; };
		C511A8252B811DDC002DB0E4 /* Mulish-SemiBold.ttf in Resources */ = {isa = PBXBuildFile; fileRef = C511A8232B811DDC002DB0E4 /* Mulish-SemiBold.ttf */; };
		C511A8262B811DDC002DB0E4 /* Mulish-Bold.ttf in Resources */ = {isa = PBXBuildFile; fileRef = C511A8242B811DDC002DB0E4 /* Mulish-Bold.ttf */; };
		C511A8292B811ED9002DB0E4 /* Font.swift in Sources */ = {isa = PBXBuildFile; fileRef = C511A8282B811ED9002DB0E4 /* Font.swift */; };
		C511A82B2B81246B002DB0E4 /* OnboardingCoordinator.swift in Sources */ = {isa = PBXBuildFile; fileRef = C511A82A2B81246B002DB0E4 /* OnboardingCoordinator.swift */; };
		C511A82D2B812474002DB0E4 /* OnboardingModuleFactory.swift in Sources */ = {isa = PBXBuildFile; fileRef = C511A82C2B812474002DB0E4 /* OnboardingModuleFactory.swift */; };
		C5142E082B835FE400384411 /* UITextField+ViewPadding.swift in Sources */ = {isa = PBXBuildFile; fileRef = C5142E072B835FE400384411 /* UITextField+ViewPadding.swift */; };
		C5142E0B2B83624800384411 /* AuthorizationCheckoxViewModel.swift in Sources */ = {isa = PBXBuildFile; fileRef = C5142E0A2B83624800384411 /* AuthorizationCheckoxViewModel.swift */; };
		C5142E0E2B836DD200384411 /* ActionButton.swift in Sources */ = {isa = PBXBuildFile; fileRef = C5142E0D2B836DD200384411 /* ActionButton.swift */; };
		C53BD2592B7E217D0078D28E /* AppDelegate.swift in Sources */ = {isa = PBXBuildFile; fileRef = C53BD2582B7E217D0078D28E /* AppDelegate.swift */; };
		C53BD2622B7E217F0078D28E /* Assets.xcassets in Resources */ = {isa = PBXBuildFile; fileRef = C53BD2612B7E217F0078D28E /* Assets.xcassets */; };
		C53BD2652B7E217F0078D28E /* LaunchScreen.storyboard in Resources */ = {isa = PBXBuildFile; fileRef = C53BD2632B7E217F0078D28E /* LaunchScreen.storyboard */; };
		C53BD2752B7E24E30078D28E /* AppCoordinator.swift in Sources */ = {isa = PBXBuildFile; fileRef = C53BD2742B7E24E30078D28E /* AppCoordinator.swift */; };
		C53BD2772B7E253D0078D28E /* Coordinator.swift in Sources */ = {isa = PBXBuildFile; fileRef = C53BD2762B7E253D0078D28E /* Coordinator.swift */; };
		C53BD2792B7E258C0078D28E /* Router.swift in Sources */ = {isa = PBXBuildFile; fileRef = C53BD2782B7E258C0078D28E /* Router.swift */; };
		C53BD27F2B7E27850078D28E /* OnboardingViewController.swift in Sources */ = {isa = PBXBuildFile; fileRef = C53BD27E2B7E27850078D28E /* OnboardingViewController.swift */; };
		C53BD2822B7E28720078D28E /* SnapKit in Frameworks */ = {isa = PBXBuildFile; productRef = C53BD2812B7E28720078D28E /* SnapKit */; };
		C53BD2872B7E2EE80078D28E /* OnboardingView.swift in Sources */ = {isa = PBXBuildFile; fileRef = C53BD2862B7E2EE80078D28E /* OnboardingView.swift */; };
		C53BD28A2B7E335F0078D28E /* OnboardingViewModel.swift in Sources */ = {isa = PBXBuildFile; fileRef = C53BD2892B7E335F0078D28E /* OnboardingViewModel.swift */; };
		C57523242B98EC4D00ECCDE3 /* FirebaseAuth in Frameworks */ = {isa = PBXBuildFile; productRef = C57523232B98EC4D00ECCDE3 /* FirebaseAuth */; };
		C57523292B98EE8A00ECCDE3 /* AuthStore.swift in Sources */ = {isa = PBXBuildFile; fileRef = C57523282B98EE8A00ECCDE3 /* AuthStore.swift */; };
		C575232D2B98EEEB00ECCDE3 /* UIViewController+bindStore.swift in Sources */ = {isa = PBXBuildFile; fileRef = C575232B2B98EEEB00ECCDE3 /* UIViewController+bindStore.swift */; };
		C575232E2B98EEEB00ECCDE3 /* Store.swift in Sources */ = {isa = PBXBuildFile; fileRef = C575232C2B98EEEB00ECCDE3 /* Store.swift */; };
		C57523312B98EF2600ECCDE3 /* Bag.swift in Sources */ = {isa = PBXBuildFile; fileRef = C57523302B98EF2600ECCDE3 /* Bag.swift */; };
		C57523332B98EF4D00ECCDE3 /* Combine.swift in Sources */ = {isa = PBXBuildFile; fileRef = C57523322B98EF4D00ECCDE3 /* Combine.swift */; };
		C57523362B98F65900ECCDE3 /* AuthRepository.swift in Sources */ = {isa = PBXBuildFile; fileRef = C57523352B98F65900ECCDE3 /* AuthRepository.swift */; };
		C57523392B98F79E00ECCDE3 /* Factory in Frameworks */ = {isa = PBXBuildFile; productRef = C57523382B98F79E00ECCDE3 /* Factory */; };
		C575233C2B98F85100ECCDE3 /* AppContainer.swift in Sources */ = {isa = PBXBuildFile; fileRef = C575233B2B98F85100ECCDE3 /* AppContainer.swift */; };
		C575233E2B98F95A00ECCDE3 /* Repositories.swift in Sources */ = {isa = PBXBuildFile; fileRef = C575233D2B98F95A00ECCDE3 /* Repositories.swift */; };
		C57523402B990A7700ECCDE3 /* GoogleService-Info.plist in Resources */ = {isa = PBXBuildFile; fileRef = C575233F2B990A7700ECCDE3 /* GoogleService-Info.plist */; };
		C57523442B99F33600ECCDE3 /* BaseViewController.swift in Sources */ = {isa = PBXBuildFile; fileRef = C57523432B99F33600ECCDE3 /* BaseViewController.swift */; };
		C57523472B9FA69800ECCDE3 /* PasswordResetStore.swift in Sources */ = {isa = PBXBuildFile; fileRef = C57523462B9FA69800ECCDE3 /* PasswordResetStore.swift */; };
		C581908B2B8CCBF0001BE36E /* ContainerController.swift in Sources */ = {isa = PBXBuildFile; fileRef = C581908A2B8CCBF0001BE36E /* ContainerController.swift */; };
		C581908E2B8CCC53001BE36E /* MainCoordinator.swift in Sources */ = {isa = PBXBuildFile; fileRef = C581908D2B8CCC53001BE36E /* MainCoordinator.swift */; };
		C58190902B8CCDA6001BE36E /* MainModuleFactory.swift in Sources */ = {isa = PBXBuildFile; fileRef = C581908F2B8CCDA6001BE36E /* MainModuleFactory.swift */; };
		C58190952B8CD27B001BE36E /* HomeViewController.swift in Sources */ = {isa = PBXBuildFile; fileRef = C58190942B8CD27B001BE36E /* HomeViewController.swift */; };
		C5D9DCDB2B8B3842000B010C /* PasswordResetViewController.swift in Sources */ = {isa = PBXBuildFile; fileRef = C5D9DCDA2B8B3842000B010C /* PasswordResetViewController.swift */; };
		C5D9DCDD2B8B3D36000B010C /* PasswordValidatationService.swift in Sources */ = {isa = PBXBuildFile; fileRef = C5D9DCDC2B8B3D36000B010C /* PasswordValidatationService.swift */; };
		C5E472252BB36C63002AA59B /* FavouritesViewController.swift in Sources */ = {isa = PBXBuildFile; fileRef = C5E472242BB36C63002AA59B /* FavouritesViewController.swift */; };
		C5E472272BB36D4F002AA59B /* FavouritesTableViewDataSourceImpl.swift in Sources */ = {isa = PBXBuildFile; fileRef = C5E472262BB36D4F002AA59B /* FavouritesTableViewDataSourceImpl.swift */; };
		C5E472292BB36D5F002AA59B /* FavouritesTableViewDelegateImpl.swift in Sources */ = {isa = PBXBuildFile; fileRef = C5E472282BB36D5F002AA59B /* FavouritesTableViewDelegateImpl.swift */; };
		C5E4722C2BB36DD7002AA59B /* FavouritesStore.swift in Sources */ = {isa = PBXBuildFile; fileRef = C5E4722B2BB36DD7002AA59B /* FavouritesStore.swift */; };
		C5E4722F2BB36ECF002AA59B /* FavouritesEmptyCell.swift in Sources */ = {isa = PBXBuildFile; fileRef = C5E4722E2BB36ECF002AA59B /* FavouritesEmptyCell.swift */; };
		C5E472312BB370E5002AA59B /* FavouritesCell.swift in Sources */ = {isa = PBXBuildFile; fileRef = C5E472302BB370E5002AA59B /* FavouritesCell.swift */; };
		C5E472332BB41438002AA59B /* UITableView.swift in Sources */ = {isa = PBXBuildFile; fileRef = C5E472322BB41438002AA59B /* UITableView.swift */; };
		C5E472362BB4150A002AA59B /* FavouritesCellModel.swift in Sources */ = {isa = PBXBuildFile; fileRef = C5E472352BB4150A002AA59B /* FavouritesCellModel.swift */; };
		C5E472382BB41551002AA59B /* Double+NumberFormatter.swift in Sources */ = {isa = PBXBuildFile; fileRef = C5E472372BB41551002AA59B /* Double+NumberFormatter.swift */; };
		C5E4723C2BB418C0002AA59B /* Advertisement.swift in Sources */ = {isa = PBXBuildFile; fileRef = C5E4723B2BB418C0002AA59B /* Advertisement.swift */; };
		C5EF99D62BBB297400312987 /* FirebaseFirestore in Frameworks */ = {isa = PBXBuildFile; productRef = C5EF99D52BBB297400312987 /* FirebaseFirestore */; };
		C5EF99D82BBB2B2600312987 /* AdvertisementRepository.swift in Sources */ = {isa = PBXBuildFile; fileRef = C5EF99D72BBB2B2600312987 /* AdvertisementRepository.swift */; };
		C5EF99DA2BBF0D1400312987 /* User.swift in Sources */ = {isa = PBXBuildFile; fileRef = C5EF99D92BBF0D1400312987 /* User.swift */; };
		C5EF99DF2BBFDAE900312987 /* ImageRepository.swift in Sources */ = {isa = PBXBuildFile; fileRef = C5EF99DE2BBFDAE900312987 /* ImageRepository.swift */; };
		C5EF99E12BBFDB0F00312987 /* FirebaseStorage in Frameworks */ = {isa = PBXBuildFile; productRef = C5EF99E02BBFDB0F00312987 /* FirebaseStorage */; };
		C5EF99E42BBFDBF900312987 /* Kingfisher in Frameworks */ = {isa = PBXBuildFile; productRef = C5EF99E32BBFDBF900312987 /* Kingfisher */; };
		C5EF99E92BBFDDB000312987 /* ProfileStore.swift in Sources */ = {isa = PBXBuildFile; fileRef = C5EF99E82BBFDDB000312987 /* ProfileStore.swift */; };
		C5EF99EB2BBFDE4000312987 /* ProfileViewController.swift in Sources */ = {isa = PBXBuildFile; fileRef = C5EF99EA2BBFDE4000312987 /* ProfileViewController.swift */; };
		C5EF99EE2BBFE85D00312987 /* CircularView.swift in Sources */ = {isa = PBXBuildFile; fileRef = C5EF99ED2BBFE85D00312987 /* CircularView.swift */; };
		C5EF99F12BBFF09600312987 /* ProfileTableViewDataSourceImpl.swift in Sources */ = {isa = PBXBuildFile; fileRef = C5EF99F02BBFF09600312987 /* ProfileTableViewDataSourceImpl.swift */; };
		C5EF99F42BBFF0A500312987 /* ProfileTableViewDelegateImpl.swift in Sources */ = {isa = PBXBuildFile; fileRef = C5EF99F32BBFF0A500312987 /* ProfileTableViewDelegateImpl.swift */; };
		C5EF99F92BBFF34500312987 /* SearchCellModel.swift in Sources */ = {isa = PBXBuildFile; fileRef = C5EF99F82BBFF34500312987 /* SearchCellModel.swift */; };
		C5EF99FC2BBFF3DE00312987 /* ProfileCellModel.swift in Sources */ = {isa = PBXBuildFile; fileRef = C5EF99FB2BBFF3DE00312987 /* ProfileCellModel.swift */; };
		C5EF9A052BC1F2C300312987 /* CreateStore.swift in Sources */ = {isa = PBXBuildFile; fileRef = C5EF9A042BC1F2C300312987 /* CreateStore.swift */; };
		C5EF9A072BC1F82D00312987 /* CreateViewController.swift in Sources */ = {isa = PBXBuildFile; fileRef = C5EF9A062BC1F82D00312987 /* CreateViewController.swift */; };
		C5EF9A0C2BC1F84300312987 /* CreateTableViewDataSourceImpl.swift in Sources */ = {isa = PBXBuildFile; fileRef = C5EF9A0B2BC1F84300312987 /* CreateTableViewDataSourceImpl.swift */; };
		C5EF9A0E2BC2038500312987 /* TitleCell.swift in Sources */ = {isa = PBXBuildFile; fileRef = C5EF9A0D2BC2038500312987 /* TitleCell.swift */; };
		C5EF9A102BC20A4100312987 /* CreatePhotoCell.swift in Sources */ = {isa = PBXBuildFile; fileRef = C5EF9A0F2BC20A4100312987 /* CreatePhotoCell.swift */; };
		C5EF9A122BC2A8F800312987 /* CreatePhotoEmptyView.swift in Sources */ = {isa = PBXBuildFile; fileRef = C5EF9A112BC2A8F800312987 /* CreatePhotoEmptyView.swift */; };
		C5EF9A142BC2B8AF00312987 /* CreatePhotoView.swift in Sources */ = {isa = PBXBuildFile; fileRef = C5EF9A132BC2B8AF00312987 /* CreatePhotoView.swift */; };
		C5EF9A162BC3171C00312987 /* CreateTextFieldCell.swift in Sources */ = {isa = PBXBuildFile; fileRef = C5EF9A152BC3171C00312987 /* CreateTextFieldCell.swift */; };
		C5EF9A182BC3196400312987 /* CreateTextFieldCellModel.swift in Sources */ = {isa = PBXBuildFile; fileRef = C5EF9A172BC3196400312987 /* CreateTextFieldCellModel.swift */; };
		C5EF9A1A2BC323E900312987 /* CreateTextViewCell.swift in Sources */ = {isa = PBXBuildFile; fileRef = C5EF9A192BC323E900312987 /* CreateTextViewCell.swift */; };
		C5EF9A1C2BC32D8200312987 /* CreateMapCell.swift in Sources */ = {isa = PBXBuildFile; fileRef = C5EF9A1B2BC32D8200312987 /* CreateMapCell.swift */; };
		C5EF9A212BC340D300312987 /* MapViewController.swift in Sources */ = {isa = PBXBuildFile; fileRef = C5EF9A202BC340D300312987 /* MapViewController.swift */; };
		C5EF9A232BC35B8800312987 /* LocationDataManager.swift in Sources */ = {isa = PBXBuildFile; fileRef = C5EF9A222BC35B8800312987 /* LocationDataManager.swift */; };
		C5EF9A282BC3898800312987 /* HomeStore.swift in Sources */ = {isa = PBXBuildFile; fileRef = C5EF9A272BC3898800312987 /* HomeStore.swift */; };
		C5F55BBF2B8772100053D5BB /* OTPViewController.swift in Sources */ = {isa = PBXBuildFile; fileRef = C5F55BBE2B8772100053D5BB /* OTPViewController.swift */; };
		C5F55BC12B87D9810053D5BB /* OTPTextField.swift in Sources */ = {isa = PBXBuildFile; fileRef = C5F55BC02B87D9810053D5BB /* OTPTextField.swift */; };
/* End PBXBuildFile section */

/* Begin PBXFileReference section */
		C50597AB2B821C240058B519 /* AuthorizationViewController.swift */ = {isa = PBXFileReference; lastKnownFileType = sourcecode.swift; path = AuthorizationViewController.swift; sourceTree = "<group>"; };
		C50597AD2B821C9D0058B519 /* AuthorizationModuleFactory.swift */ = {isa = PBXFileReference; lastKnownFileType = sourcecode.swift; path = AuthorizationModuleFactory.swift; sourceTree = "<group>"; };
		C50597AF2B821CE90058B519 /* AuthorizationCoordinator.swift */ = {isa = PBXFileReference; lastKnownFileType = sourcecode.swift; path = AuthorizationCoordinator.swift; sourceTree = "<group>"; };
		C50597B42B8235C00058B519 /* AuthorizationCheckboxView.swift */ = {isa = PBXFileReference; lastKnownFileType = sourcecode.swift; path = AuthorizationCheckboxView.swift; sourceTree = "<group>"; };
		C5105F282BB4805C000D5B28 /* SearchViewController.swift */ = {isa = PBXFileReference; lastKnownFileType = sourcecode.swift; path = SearchViewController.swift; sourceTree = "<group>"; };
		C5105F2A2BB4806F000D5B28 /* SearchTableViewDataSourceImpl.swift */ = {isa = PBXFileReference; lastKnownFileType = sourcecode.swift; path = SearchTableViewDataSourceImpl.swift; sourceTree = "<group>"; };
		C5105F2C2BB48167000D5B28 /* SearchTableViewDelegateImpl.swift */ = {isa = PBXFileReference; lastKnownFileType = sourcecode.swift; path = SearchTableViewDelegateImpl.swift; sourceTree = "<group>"; };
		C5105F2F2BB481B6000D5B28 /* SearchStore.swift */ = {isa = PBXFileReference; lastKnownFileType = sourcecode.swift; path = SearchStore.swift; sourceTree = "<group>"; };
		C5105F322BB48259000D5B28 /* TableViewItemCellModel.swift */ = {isa = PBXFileReference; lastKnownFileType = sourcecode.swift; path = TableViewItemCellModel.swift; sourceTree = "<group>"; };
		C5105F342BB482A4000D5B28 /* TableViewItemCell.swift */ = {isa = PBXFileReference; lastKnownFileType = sourcecode.swift; path = TableViewItemCell.swift; sourceTree = "<group>"; };
		C5105F362BB49311000D5B28 /* Collection+Safe.swift */ = {isa = PBXFileReference; lastKnownFileType = sourcecode.swift; path = "Collection+Safe.swift"; sourceTree = "<group>"; };
		C511A81D2B811D95002DB0E4 /* Mulish-ExtraBold.ttf */ = {isa = PBXFileReference; lastKnownFileType = file; path = "Mulish-ExtraBold.ttf"; sourceTree = "<group>"; };
		C511A81F2B811D9B002DB0E4 /* Mulish-Light.ttf */ = {isa = PBXFileReference; lastKnownFileType = file; path = "Mulish-Light.ttf"; sourceTree = "<group>"; };
		C511A8212B811DAA002DB0E4 /* Mulish-Regular.ttf */ = {isa = PBXFileReference; lastKnownFileType = file; path = "Mulish-Regular.ttf"; sourceTree = "<group>"; };
		C511A8232B811DDC002DB0E4 /* Mulish-SemiBold.ttf */ = {isa = PBXFileReference; lastKnownFileType = file; path = "Mulish-SemiBold.ttf"; sourceTree = "<group>"; };
		C511A8242B811DDC002DB0E4 /* Mulish-Bold.ttf */ = {isa = PBXFileReference; lastKnownFileType = file; path = "Mulish-Bold.ttf"; sourceTree = "<group>"; };
		C511A8282B811ED9002DB0E4 /* Font.swift */ = {isa = PBXFileReference; lastKnownFileType = sourcecode.swift; path = Font.swift; sourceTree = "<group>"; };
		C511A82A2B81246B002DB0E4 /* OnboardingCoordinator.swift */ = {isa = PBXFileReference; lastKnownFileType = sourcecode.swift; path = OnboardingCoordinator.swift; sourceTree = "<group>"; };
		C511A82C2B812474002DB0E4 /* OnboardingModuleFactory.swift */ = {isa = PBXFileReference; lastKnownFileType = sourcecode.swift; path = OnboardingModuleFactory.swift; sourceTree = "<group>"; };
		C5142E072B835FE400384411 /* UITextField+ViewPadding.swift */ = {isa = PBXFileReference; lastKnownFileType = sourcecode.swift; path = "UITextField+ViewPadding.swift"; sourceTree = "<group>"; };
		C5142E0A2B83624800384411 /* AuthorizationCheckoxViewModel.swift */ = {isa = PBXFileReference; lastKnownFileType = sourcecode.swift; path = AuthorizationCheckoxViewModel.swift; sourceTree = "<group>"; };
		C5142E0D2B836DD200384411 /* ActionButton.swift */ = {isa = PBXFileReference; lastKnownFileType = sourcecode.swift; path = ActionButton.swift; sourceTree = "<group>"; };
		C53BD2552B7E217D0078D28E /* Mapster.app */ = {isa = PBXFileReference; explicitFileType = wrapper.application; includeInIndex = 0; path = Mapster.app; sourceTree = BUILT_PRODUCTS_DIR; };
		C53BD2582B7E217D0078D28E /* AppDelegate.swift */ = {isa = PBXFileReference; lastKnownFileType = sourcecode.swift; path = AppDelegate.swift; sourceTree = "<group>"; };
		C53BD2612B7E217F0078D28E /* Assets.xcassets */ = {isa = PBXFileReference; lastKnownFileType = folder.assetcatalog; path = Assets.xcassets; sourceTree = "<group>"; };
		C53BD2642B7E217F0078D28E /* Base */ = {isa = PBXFileReference; lastKnownFileType = file.storyboard; name = Base; path = Base.lproj/LaunchScreen.storyboard; sourceTree = "<group>"; };
		C53BD2662B7E217F0078D28E /* Info.plist */ = {isa = PBXFileReference; lastKnownFileType = text.plist.xml; path = Info.plist; sourceTree = "<group>"; };
		C53BD2742B7E24E30078D28E /* AppCoordinator.swift */ = {isa = PBXFileReference; lastKnownFileType = sourcecode.swift; path = AppCoordinator.swift; sourceTree = "<group>"; };
		C53BD2762B7E253D0078D28E /* Coordinator.swift */ = {isa = PBXFileReference; lastKnownFileType = sourcecode.swift; path = Coordinator.swift; sourceTree = "<group>"; };
		C53BD2782B7E258C0078D28E /* Router.swift */ = {isa = PBXFileReference; lastKnownFileType = sourcecode.swift; path = Router.swift; sourceTree = "<group>"; };
		C53BD27E2B7E27850078D28E /* OnboardingViewController.swift */ = {isa = PBXFileReference; lastKnownFileType = sourcecode.swift; path = OnboardingViewController.swift; sourceTree = "<group>"; };
		C53BD2862B7E2EE80078D28E /* OnboardingView.swift */ = {isa = PBXFileReference; lastKnownFileType = sourcecode.swift; path = OnboardingView.swift; sourceTree = "<group>"; };
		C53BD2892B7E335F0078D28E /* OnboardingViewModel.swift */ = {isa = PBXFileReference; lastKnownFileType = sourcecode.swift; path = OnboardingViewModel.swift; sourceTree = "<group>"; };
		C57523282B98EE8A00ECCDE3 /* AuthStore.swift */ = {isa = PBXFileReference; lastKnownFileType = sourcecode.swift; path = AuthStore.swift; sourceTree = "<group>"; };
		C575232B2B98EEEB00ECCDE3 /* UIViewController+bindStore.swift */ = {isa = PBXFileReference; fileEncoding = 4; lastKnownFileType = sourcecode.swift; path = "UIViewController+bindStore.swift"; sourceTree = "<group>"; };
		C575232C2B98EEEB00ECCDE3 /* Store.swift */ = {isa = PBXFileReference; fileEncoding = 4; lastKnownFileType = sourcecode.swift; path = Store.swift; sourceTree = "<group>"; };
		C57523302B98EF2600ECCDE3 /* Bag.swift */ = {isa = PBXFileReference; lastKnownFileType = sourcecode.swift; path = Bag.swift; sourceTree = "<group>"; };
		C57523322B98EF4D00ECCDE3 /* Combine.swift */ = {isa = PBXFileReference; lastKnownFileType = sourcecode.swift; path = Combine.swift; sourceTree = "<group>"; };
		C57523352B98F65900ECCDE3 /* AuthRepository.swift */ = {isa = PBXFileReference; lastKnownFileType = sourcecode.swift; path = AuthRepository.swift; sourceTree = "<group>"; };
		C575233B2B98F85100ECCDE3 /* AppContainer.swift */ = {isa = PBXFileReference; lastKnownFileType = sourcecode.swift; path = AppContainer.swift; sourceTree = "<group>"; };
		C575233D2B98F95A00ECCDE3 /* Repositories.swift */ = {isa = PBXFileReference; lastKnownFileType = sourcecode.swift; path = Repositories.swift; sourceTree = "<group>"; };
		C575233F2B990A7700ECCDE3 /* GoogleService-Info.plist */ = {isa = PBXFileReference; fileEncoding = 4; lastKnownFileType = text.plist.xml; path = "GoogleService-Info.plist"; sourceTree = "<group>"; };
		C57523432B99F33600ECCDE3 /* BaseViewController.swift */ = {isa = PBXFileReference; lastKnownFileType = sourcecode.swift; path = BaseViewController.swift; sourceTree = "<group>"; };
		C57523462B9FA69800ECCDE3 /* PasswordResetStore.swift */ = {isa = PBXFileReference; lastKnownFileType = sourcecode.swift; path = PasswordResetStore.swift; sourceTree = "<group>"; };
		C581908A2B8CCBF0001BE36E /* ContainerController.swift */ = {isa = PBXFileReference; lastKnownFileType = sourcecode.swift; path = ContainerController.swift; sourceTree = "<group>"; };
		C581908D2B8CCC53001BE36E /* MainCoordinator.swift */ = {isa = PBXFileReference; lastKnownFileType = sourcecode.swift; path = MainCoordinator.swift; sourceTree = "<group>"; };
		C581908F2B8CCDA6001BE36E /* MainModuleFactory.swift */ = {isa = PBXFileReference; lastKnownFileType = sourcecode.swift; path = MainModuleFactory.swift; sourceTree = "<group>"; };
		C58190942B8CD27B001BE36E /* HomeViewController.swift */ = {isa = PBXFileReference; lastKnownFileType = sourcecode.swift; path = HomeViewController.swift; sourceTree = "<group>"; };
		C5D9DCDA2B8B3842000B010C /* PasswordResetViewController.swift */ = {isa = PBXFileReference; lastKnownFileType = sourcecode.swift; path = PasswordResetViewController.swift; sourceTree = "<group>"; };
		C5D9DCDC2B8B3D36000B010C /* PasswordValidatationService.swift */ = {isa = PBXFileReference; lastKnownFileType = sourcecode.swift; path = PasswordValidatationService.swift; sourceTree = "<group>"; };
		C5E472242BB36C63002AA59B /* FavouritesViewController.swift */ = {isa = PBXFileReference; lastKnownFileType = sourcecode.swift; path = FavouritesViewController.swift; sourceTree = "<group>"; };
		C5E472262BB36D4F002AA59B /* FavouritesTableViewDataSourceImpl.swift */ = {isa = PBXFileReference; lastKnownFileType = sourcecode.swift; path = FavouritesTableViewDataSourceImpl.swift; sourceTree = "<group>"; };
		C5E472282BB36D5F002AA59B /* FavouritesTableViewDelegateImpl.swift */ = {isa = PBXFileReference; lastKnownFileType = sourcecode.swift; path = FavouritesTableViewDelegateImpl.swift; sourceTree = "<group>"; };
		C5E4722B2BB36DD7002AA59B /* FavouritesStore.swift */ = {isa = PBXFileReference; lastKnownFileType = sourcecode.swift; path = FavouritesStore.swift; sourceTree = "<group>"; };
		C5E4722E2BB36ECF002AA59B /* FavouritesEmptyCell.swift */ = {isa = PBXFileReference; lastKnownFileType = sourcecode.swift; path = FavouritesEmptyCell.swift; sourceTree = "<group>"; };
		C5E472302BB370E5002AA59B /* FavouritesCell.swift */ = {isa = PBXFileReference; lastKnownFileType = sourcecode.swift; path = FavouritesCell.swift; sourceTree = "<group>"; };
		C5E472322BB41438002AA59B /* UITableView.swift */ = {isa = PBXFileReference; lastKnownFileType = sourcecode.swift; path = UITableView.swift; sourceTree = "<group>"; };
		C5E472352BB4150A002AA59B /* FavouritesCellModel.swift */ = {isa = PBXFileReference; lastKnownFileType = sourcecode.swift; path = FavouritesCellModel.swift; sourceTree = "<group>"; };
		C5E472372BB41551002AA59B /* Double+NumberFormatter.swift */ = {isa = PBXFileReference; lastKnownFileType = sourcecode.swift; path = "Double+NumberFormatter.swift"; sourceTree = "<group>"; };
		C5E4723B2BB418C0002AA59B /* Advertisement.swift */ = {isa = PBXFileReference; lastKnownFileType = sourcecode.swift; path = Advertisement.swift; sourceTree = "<group>"; };
		C5EF99D72BBB2B2600312987 /* AdvertisementRepository.swift */ = {isa = PBXFileReference; lastKnownFileType = sourcecode.swift; path = AdvertisementRepository.swift; sourceTree = "<group>"; };
		C5EF99D92BBF0D1400312987 /* User.swift */ = {isa = PBXFileReference; lastKnownFileType = sourcecode.swift; path = User.swift; sourceTree = "<group>"; };
		C5EF99DE2BBFDAE900312987 /* ImageRepository.swift */ = {isa = PBXFileReference; lastKnownFileType = sourcecode.swift; path = ImageRepository.swift; sourceTree = "<group>"; };
		C5EF99E82BBFDDB000312987 /* ProfileStore.swift */ = {isa = PBXFileReference; lastKnownFileType = sourcecode.swift; path = ProfileStore.swift; sourceTree = "<group>"; };
		C5EF99EA2BBFDE4000312987 /* ProfileViewController.swift */ = {isa = PBXFileReference; lastKnownFileType = sourcecode.swift; path = ProfileViewController.swift; sourceTree = "<group>"; };
		C5EF99ED2BBFE85D00312987 /* CircularView.swift */ = {isa = PBXFileReference; lastKnownFileType = sourcecode.swift; path = CircularView.swift; sourceTree = "<group>"; };
		C5EF99F02BBFF09600312987 /* ProfileTableViewDataSourceImpl.swift */ = {isa = PBXFileReference; lastKnownFileType = sourcecode.swift; path = ProfileTableViewDataSourceImpl.swift; sourceTree = "<group>"; };
		C5EF99F32BBFF0A500312987 /* ProfileTableViewDelegateImpl.swift */ = {isa = PBXFileReference; lastKnownFileType = sourcecode.swift; path = ProfileTableViewDelegateImpl.swift; sourceTree = "<group>"; };
		C5EF99F82BBFF34500312987 /* SearchCellModel.swift */ = {isa = PBXFileReference; lastKnownFileType = sourcecode.swift; path = SearchCellModel.swift; sourceTree = "<group>"; };
		C5EF99FB2BBFF3DE00312987 /* ProfileCellModel.swift */ = {isa = PBXFileReference; lastKnownFileType = sourcecode.swift; path = ProfileCellModel.swift; sourceTree = "<group>"; };
		C5EF9A042BC1F2C300312987 /* CreateStore.swift */ = {isa = PBXFileReference; lastKnownFileType = sourcecode.swift; path = CreateStore.swift; sourceTree = "<group>"; };
		C5EF9A062BC1F82D00312987 /* CreateViewController.swift */ = {isa = PBXFileReference; lastKnownFileType = sourcecode.swift; path = CreateViewController.swift; sourceTree = "<group>"; };
		C5EF9A0B2BC1F84300312987 /* CreateTableViewDataSourceImpl.swift */ = {isa = PBXFileReference; lastKnownFileType = sourcecode.swift; path = CreateTableViewDataSourceImpl.swift; sourceTree = "<group>"; };
		C5EF9A0D2BC2038500312987 /* TitleCell.swift */ = {isa = PBXFileReference; lastKnownFileType = sourcecode.swift; path = TitleCell.swift; sourceTree = "<group>"; };
		C5EF9A0F2BC20A4100312987 /* CreatePhotoCell.swift */ = {isa = PBXFileReference; lastKnownFileType = sourcecode.swift; path = CreatePhotoCell.swift; sourceTree = "<group>"; };
		C5EF9A112BC2A8F800312987 /* CreatePhotoEmptyView.swift */ = {isa = PBXFileReference; lastKnownFileType = sourcecode.swift; path = CreatePhotoEmptyView.swift; sourceTree = "<group>"; };
		C5EF9A132BC2B8AF00312987 /* CreatePhotoView.swift */ = {isa = PBXFileReference; lastKnownFileType = sourcecode.swift; path = CreatePhotoView.swift; sourceTree = "<group>"; };
		C5EF9A152BC3171C00312987 /* CreateTextFieldCell.swift */ = {isa = PBXFileReference; lastKnownFileType = sourcecode.swift; path = CreateTextFieldCell.swift; sourceTree = "<group>"; };
		C5EF9A172BC3196400312987 /* CreateTextFieldCellModel.swift */ = {isa = PBXFileReference; lastKnownFileType = sourcecode.swift; path = CreateTextFieldCellModel.swift; sourceTree = "<group>"; };
		C5EF9A192BC323E900312987 /* CreateTextViewCell.swift */ = {isa = PBXFileReference; lastKnownFileType = sourcecode.swift; path = CreateTextViewCell.swift; sourceTree = "<group>"; };
		C5EF9A1B2BC32D8200312987 /* CreateMapCell.swift */ = {isa = PBXFileReference; lastKnownFileType = sourcecode.swift; path = CreateMapCell.swift; sourceTree = "<group>"; };
		C5EF9A202BC340D300312987 /* MapViewController.swift */ = {isa = PBXFileReference; lastKnownFileType = sourcecode.swift; path = MapViewController.swift; sourceTree = "<group>"; };
		C5EF9A222BC35B8800312987 /* LocationDataManager.swift */ = {isa = PBXFileReference; lastKnownFileType = sourcecode.swift; path = LocationDataManager.swift; sourceTree = "<group>"; };
		C5EF9A272BC3898800312987 /* HomeStore.swift */ = {isa = PBXFileReference; lastKnownFileType = sourcecode.swift; path = HomeStore.swift; sourceTree = "<group>"; };
		C5F55BBE2B8772100053D5BB /* OTPViewController.swift */ = {isa = PBXFileReference; lastKnownFileType = sourcecode.swift; path = OTPViewController.swift; sourceTree = "<group>"; };
		C5F55BC02B87D9810053D5BB /* OTPTextField.swift */ = {isa = PBXFileReference; lastKnownFileType = sourcecode.swift; path = OTPTextField.swift; sourceTree = "<group>"; };
/* End PBXFileReference section */

/* Begin PBXFrameworksBuildPhase section */
		C53BD2522B7E217D0078D28E /* Frameworks */ = {
			isa = PBXFrameworksBuildPhase;
			buildActionMask = 2147483647;
			files = (
				C53BD2822B7E28720078D28E /* SnapKit in Frameworks */,
				C57523392B98F79E00ECCDE3 /* Factory in Frameworks */,
				C5EF99E42BBFDBF900312987 /* Kingfisher in Frameworks */,
				C50597B32B8233BF0058B519 /* IQKeyboardManagerSwift in Frameworks */,
				C5EF99D62BBB297400312987 /* FirebaseFirestore in Frameworks */,
				C57523242B98EC4D00ECCDE3 /* FirebaseAuth in Frameworks */,
				C5EF99E12BBFDB0F00312987 /* FirebaseStorage in Frameworks */,
			);
			runOnlyForDeploymentPostprocessing = 0;
		};
/* End PBXFrameworksBuildPhase section */

/* Begin PBXGroup section */
		C50597A52B821BC20058B519 /* Authorization */ = {
			isa = PBXGroup;
			children = (
				C50597A72B821BD20058B519 /* Coordinator */,
				C50597A62B821BC70058B519 /* Modules */,
			);
			path = Authorization;
			sourceTree = "<group>";
		};
		C50597A62B821BC70058B519 /* Modules */ = {
			isa = PBXGroup;
			children = (
				C50597A82B821BDA0058B519 /* Authorization */,
				C5F55BBB2B87718E0053D5BB /* OTP */,
				C5D9DCD72B8B3827000B010C /* PasswordReset */,
			);
			path = Modules;
			sourceTree = "<group>";
		};
		C50597A72B821BD20058B519 /* Coordinator */ = {
			isa = PBXGroup;
			children = (
				C50597AF2B821CE90058B519 /* AuthorizationCoordinator.swift */,
				C50597AD2B821C9D0058B519 /* AuthorizationModuleFactory.swift */,
			);
			path = Coordinator;
			sourceTree = "<group>";
		};
		C50597A82B821BDA0058B519 /* Authorization */ = {
			isa = PBXGroup;
			children = (
				C50597A92B821C0D0058B519 /* Controller */,
				C57523272B98EE8000ECCDE3 /* Store */,
				C50597AA2B821C110058B519 /* View */,
				C5142E092B83623C00384411 /* ViewModel */,
			);
			path = Authorization;
			sourceTree = "<group>";
		};
		C50597A92B821C0D0058B519 /* Controller */ = {
			isa = PBXGroup;
			children = (
				C50597AB2B821C240058B519 /* AuthorizationViewController.swift */,
			);
			path = Controller;
			sourceTree = "<group>";
		};
		C50597AA2B821C110058B519 /* View */ = {
			isa = PBXGroup;
			children = (
				C50597B42B8235C00058B519 /* AuthorizationCheckboxView.swift */,
			);
			path = View;
			sourceTree = "<group>";
		};
		C5105F242BB4803B000D5B28 /* Search */ = {
			isa = PBXGroup;
			children = (
				C5105F252BB48045000D5B28 /* Controller */,
				C5105F2E2BB481B1000D5B28 /* Store */,
				C5EF99F72BBFF33C00312987 /* ViewModel */,
			);
			path = Search;
			sourceTree = "<group>";
		};
		C5105F252BB48045000D5B28 /* Controller */ = {
			isa = PBXGroup;
			children = (
				C5105F282BB4805C000D5B28 /* SearchViewController.swift */,
				C5105F262BB48049000D5B28 /* TableView */,
			);
			path = Controller;
			sourceTree = "<group>";
		};
		C5105F262BB48049000D5B28 /* TableView */ = {
			isa = PBXGroup;
			children = (
				C5105F2A2BB4806F000D5B28 /* SearchTableViewDataSourceImpl.swift */,
				C5105F2C2BB48167000D5B28 /* SearchTableViewDelegateImpl.swift */,
			);
			path = TableView;
			sourceTree = "<group>";
		};
		C5105F2E2BB481B1000D5B28 /* Store */ = {
			isa = PBXGroup;
			children = (
				C5105F2F2BB481B6000D5B28 /* SearchStore.swift */,
			);
			path = Store;
			sourceTree = "<group>";
		};
		C511A7FC2B811D24002DB0E4 /* Fonts */ = {
			isa = PBXGroup;
			children = (
				C511A8242B811DDC002DB0E4 /* Mulish-Bold.ttf */,
				C511A81D2B811D95002DB0E4 /* Mulish-ExtraBold.ttf */,
				C511A81F2B811D9B002DB0E4 /* Mulish-Light.ttf */,
				C511A8212B811DAA002DB0E4 /* Mulish-Regular.ttf */,
				C511A8232B811DDC002DB0E4 /* Mulish-SemiBold.ttf */,
			);
			path = Fonts;
			sourceTree = "<group>";
		};
		C511A8272B811ECB002DB0E4 /* Helpers */ = {
			isa = PBXGroup;
			children = (
				C511A8282B811ED9002DB0E4 /* Font.swift */,
				C5EF9A222BC35B8800312987 /* LocationDataManager.swift */,
				C5D9DCDC2B8B3D36000B010C /* PasswordValidatationService.swift */,
				C5142E072B835FE400384411 /* UITextField+ViewPadding.swift */,
			);
			path = Helpers;
			sourceTree = "<group>";
		};
		C5142E092B83623C00384411 /* ViewModel */ = {
			isa = PBXGroup;
			children = (
				C5142E0A2B83624800384411 /* AuthorizationCheckoxViewModel.swift */,
			);
			path = ViewModel;
			sourceTree = "<group>";
		};
		C5142E0C2B836DBF00384411 /* UI */ = {
			isa = PBXGroup;
			children = (
				C5EF99F62BBFF21500312987 /* TableViewItemCell */,
				C5142E0D2B836DD200384411 /* ActionButton.swift */,
				C5EF99ED2BBFE85D00312987 /* CircularView.swift */,
				C5EF9A0D2BC2038500312987 /* TitleCell.swift */,
			);
			path = UI;
			sourceTree = "<group>";
		};
		C53BD24C2B7E217D0078D28E = {
			isa = PBXGroup;
			children = (
				C53BD2572B7E217D0078D28E /* Mapster */,
				C53BD2562B7E217D0078D28E /* Products */,
				C5EF99D42BBB297400312987 /* Frameworks */,
			);
			sourceTree = "<group>";
		};
		C53BD2562B7E217D0078D28E /* Products */ = {
			isa = PBXGroup;
			children = (
				C53BD2552B7E217D0078D28E /* Mapster.app */,
			);
			name = Products;
			sourceTree = "<group>";
		};
		C53BD2572B7E217D0078D28E /* Mapster */ = {
			isa = PBXGroup;
			children = (
				C53BD26E2B7E232F0078D28E /* App */,
			);
			path = Mapster;
			sourceTree = "<group>";
		};
		C53BD26C2B7E22F20078D28E /* Sources */ = {
			isa = PBXGroup;
			children = (
				C53BD2722B7E24CD0078D28E /* App */,
				C5E472392BB417F4002AA59B /* Domain */,
				C53BD2702B7E24760078D28E /* Features */,
			);
			path = Sources;
			sourceTree = "<group>";
		};
		C53BD26D2B7E23250078D28E /* Resources */ = {
			isa = PBXGroup;
			children = (
				C511A7FC2B811D24002DB0E4 /* Fonts */,
				C53BD2612B7E217F0078D28E /* Assets.xcassets */,
				C575233F2B990A7700ECCDE3 /* GoogleService-Info.plist */,
				C53BD2662B7E217F0078D28E /* Info.plist */,
				C53BD2632B7E217F0078D28E /* LaunchScreen.storyboard */,
			);
			path = Resources;
			sourceTree = "<group>";
		};
		C53BD26E2B7E232F0078D28E /* App */ = {
			isa = PBXGroup;
			children = (
				C53BD26D2B7E23250078D28E /* Resources */,
				C53BD26C2B7E22F20078D28E /* Sources */,
			);
			path = App;
			sourceTree = "<group>";
		};
		C53BD26F2B7E24690078D28E /* AppDelegate */ = {
			isa = PBXGroup;
			children = (
				C53BD2582B7E217D0078D28E /* AppDelegate.swift */,
			);
			path = AppDelegate;
			sourceTree = "<group>";
		};
		C53BD2702B7E24760078D28E /* Features */ = {
			isa = PBXGroup;
			children = (
				C50597A52B821BC20058B519 /* Authorization */,
				C58190882B8CCBCB001BE36E /* Main */,
				C53BD2712B7E24C20078D28E /* Onboarding */,
			);
			path = Features;
			sourceTree = "<group>";
		};
		C53BD2712B7E24C20078D28E /* Onboarding */ = {
			isa = PBXGroup;
			children = (
				C53BD27A2B7E27280078D28E /* Coordinator */,
				C53BD27B2B7E272E0078D28E /* Modules */,
			);
			path = Onboarding;
			sourceTree = "<group>";
		};
		C53BD2722B7E24CD0078D28E /* App */ = {
			isa = PBXGroup;
			children = (
				C53BD26F2B7E24690078D28E /* AppDelegate */,
				C575233A2B98F84900ECCDE3 /* DI */,
				C575232F2B98EF1400ECCDE3 /* Extensions */,
				C511A8272B811ECB002DB0E4 /* Helpers */,
				C53BD2732B7E24D30078D28E /* Navigation */,
				C575232A2B98EED700ECCDE3 /* Store */,
				C5142E0C2B836DBF00384411 /* UI */,
			);
			path = App;
			sourceTree = "<group>";
		};
		C53BD2732B7E24D30078D28E /* Navigation */ = {
			isa = PBXGroup;
			children = (
				C53BD2742B7E24E30078D28E /* AppCoordinator.swift */,
				C53BD2762B7E253D0078D28E /* Coordinator.swift */,
				C53BD2782B7E258C0078D28E /* Router.swift */,
				C57523432B99F33600ECCDE3 /* BaseViewController.swift */,
			);
			path = Navigation;
			sourceTree = "<group>";
		};
		C53BD27A2B7E27280078D28E /* Coordinator */ = {
			isa = PBXGroup;
			children = (
				C511A82A2B81246B002DB0E4 /* OnboardingCoordinator.swift */,
				C511A82C2B812474002DB0E4 /* OnboardingModuleFactory.swift */,
			);
			path = Coordinator;
			sourceTree = "<group>";
		};
		C53BD27B2B7E272E0078D28E /* Modules */ = {
			isa = PBXGroup;
			children = (
				C53BD27C2B7E276A0078D28E /* Onboarding */,
			);
			path = Modules;
			sourceTree = "<group>";
		};
		C53BD27C2B7E276A0078D28E /* Onboarding */ = {
			isa = PBXGroup;
			children = (
				C53BD27D2B7E27750078D28E /* Controller */,
				C53BD2882B7E33530078D28E /* Model */,
				C53BD2852B7E2EE10078D28E /* View */,
			);
			path = Onboarding;
			sourceTree = "<group>";
		};
		C53BD27D2B7E27750078D28E /* Controller */ = {
			isa = PBXGroup;
			children = (
				C53BD27E2B7E27850078D28E /* OnboardingViewController.swift */,
			);
			path = Controller;
			sourceTree = "<group>";
		};
		C53BD2852B7E2EE10078D28E /* View */ = {
			isa = PBXGroup;
			children = (
				C53BD2862B7E2EE80078D28E /* OnboardingView.swift */,
			);
			path = View;
			sourceTree = "<group>";
		};
		C53BD2882B7E33530078D28E /* Model */ = {
			isa = PBXGroup;
			children = (
				C53BD2892B7E335F0078D28E /* OnboardingViewModel.swift */,
			);
			path = Model;
			sourceTree = "<group>";
		};
		C57523272B98EE8000ECCDE3 /* Store */ = {
			isa = PBXGroup;
			children = (
				C57523282B98EE8A00ECCDE3 /* AuthStore.swift */,
			);
			path = Store;
			sourceTree = "<group>";
		};
		C575232A2B98EED700ECCDE3 /* Store */ = {
			isa = PBXGroup;
			children = (
				C575232C2B98EEEB00ECCDE3 /* Store.swift */,
				C575232B2B98EEEB00ECCDE3 /* UIViewController+bindStore.swift */,
			);
			path = Store;
			sourceTree = "<group>";
		};
		C575232F2B98EF1400ECCDE3 /* Extensions */ = {
			isa = PBXGroup;
			children = (
				C57523302B98EF2600ECCDE3 /* Bag.swift */,
				C57523322B98EF4D00ECCDE3 /* Combine.swift */,
				C5E472322BB41438002AA59B /* UITableView.swift */,
				C5E472372BB41551002AA59B /* Double+NumberFormatter.swift */,
				C5105F362BB49311000D5B28 /* Collection+Safe.swift */,
			);
			path = Extensions;
			sourceTree = "<group>";
		};
		C57523342B98F64A00ECCDE3 /* Repositories */ = {
			isa = PBXGroup;
			children = (
				C5EF99D72BBB2B2600312987 /* AdvertisementRepository.swift */,
				C57523352B98F65900ECCDE3 /* AuthRepository.swift */,
				C5EF99DE2BBFDAE900312987 /* ImageRepository.swift */,
			);
			path = Repositories;
			sourceTree = "<group>";
		};
		C575233A2B98F84900ECCDE3 /* DI */ = {
			isa = PBXGroup;
			children = (
				C575233B2B98F85100ECCDE3 /* AppContainer.swift */,
				C575233D2B98F95A00ECCDE3 /* Repositories.swift */,
			);
			path = DI;
			sourceTree = "<group>";
		};
		C57523452B9FA68E00ECCDE3 /* Store */ = {
			isa = PBXGroup;
			children = (
				C57523462B9FA69800ECCDE3 /* PasswordResetStore.swift */,
			);
			path = Store;
			sourceTree = "<group>";
		};
		C58190882B8CCBCB001BE36E /* Main */ = {
			isa = PBXGroup;
			children = (
				C581908C2B8CCC4B001BE36E /* Coordinator */,
				C58190892B8CCBD2001BE36E /* Modules */,
			);
			path = Main;
			sourceTree = "<group>";
		};
		C58190892B8CCBD2001BE36E /* Modules */ = {
			isa = PBXGroup;
			children = (
				C5EF9A1D2BC33E8900312987 /* Map */,
				C58190912B8CD1E5001BE36E /* Container */,
				C5EF99FF2BC1F2A600312987 /* Create */,
				C5E472212BB36C33002AA59B /* Favourites */,
				C58190922B8CD26F001BE36E /* Home */,
				C5EF99E52BBFDD8A00312987 /* Profile */,
				C5105F242BB4803B000D5B28 /* Search */,
			);
			path = Modules;
			sourceTree = "<group>";
		};
		C581908C2B8CCC4B001BE36E /* Coordinator */ = {
			isa = PBXGroup;
			children = (
				C581908D2B8CCC53001BE36E /* MainCoordinator.swift */,
				C581908F2B8CCDA6001BE36E /* MainModuleFactory.swift */,
			);
			path = Coordinator;
			sourceTree = "<group>";
		};
		C58190912B8CD1E5001BE36E /* Container */ = {
			isa = PBXGroup;
			children = (
				C581908A2B8CCBF0001BE36E /* ContainerController.swift */,
			);
			path = Container;
			sourceTree = "<group>";
		};
		C58190922B8CD26F001BE36E /* Home */ = {
			isa = PBXGroup;
			children = (
				C58190932B8CD272001BE36E /* Controller */,
				C5EF9A262BC3897C00312987 /* Store */,
			);
			path = Home;
			sourceTree = "<group>";
		};
		C58190932B8CD272001BE36E /* Controller */ = {
			isa = PBXGroup;
			children = (
				C58190942B8CD27B001BE36E /* HomeViewController.swift */,
			);
			path = Controller;
			sourceTree = "<group>";
		};
		C5D9DCD72B8B3827000B010C /* PasswordReset */ = {
			isa = PBXGroup;
			children = (
				C5D9DCD92B8B3836000B010C /* Controller */,
				C57523452B9FA68E00ECCDE3 /* Store */,
			);
			path = PasswordReset;
			sourceTree = "<group>";
		};
		C5D9DCD92B8B3836000B010C /* Controller */ = {
			isa = PBXGroup;
			children = (
				C5D9DCDA2B8B3842000B010C /* PasswordResetViewController.swift */,
			);
			path = Controller;
			sourceTree = "<group>";
		};
		C5E472212BB36C33002AA59B /* Favourites */ = {
			isa = PBXGroup;
			children = (
				C5E472222BB36C3B002AA59B /* Controller */,
				C5E4722A2BB36DC6002AA59B /* Store */,
				C5E4722D2BB36EB8002AA59B /* View */,
				C5E472342BB414F9002AA59B /* ViewModel */,
			);
			path = Favourites;
			sourceTree = "<group>";
		};
		C5E472222BB36C3B002AA59B /* Controller */ = {
			isa = PBXGroup;
			children = (
				C5E472242BB36C63002AA59B /* FavouritesViewController.swift */,
				C5E472232BB36C42002AA59B /* TableView */,
			);
			path = Controller;
			sourceTree = "<group>";
		};
		C5E472232BB36C42002AA59B /* TableView */ = {
			isa = PBXGroup;
			children = (
				C5E472262BB36D4F002AA59B /* FavouritesTableViewDataSourceImpl.swift */,
				C5E472282BB36D5F002AA59B /* FavouritesTableViewDelegateImpl.swift */,
			);
			path = TableView;
			sourceTree = "<group>";
		};
		C5E4722A2BB36DC6002AA59B /* Store */ = {
			isa = PBXGroup;
			children = (
				C5E4722B2BB36DD7002AA59B /* FavouritesStore.swift */,
			);
			path = Store;
			sourceTree = "<group>";
		};
		C5E4722D2BB36EB8002AA59B /* View */ = {
			isa = PBXGroup;
			children = (
				C5E472302BB370E5002AA59B /* FavouritesCell.swift */,
				C5E4722E2BB36ECF002AA59B /* FavouritesEmptyCell.swift */,
			);
			path = View;
			sourceTree = "<group>";
		};
		C5E472342BB414F9002AA59B /* ViewModel */ = {
			isa = PBXGroup;
			children = (
				C5E472352BB4150A002AA59B /* FavouritesCellModel.swift */,
			);
			path = ViewModel;
			sourceTree = "<group>";
		};
		C5E472392BB417F4002AA59B /* Domain */ = {
			isa = PBXGroup;
			children = (
				C5E4723A2BB41801002AA59B /* Models */,
				C57523342B98F64A00ECCDE3 /* Repositories */,
			);
			path = Domain;
			sourceTree = "<group>";
		};
		C5E4723A2BB41801002AA59B /* Models */ = {
			isa = PBXGroup;
			children = (
				C5E4723B2BB418C0002AA59B /* Advertisement.swift */,
				C5EF99D92BBF0D1400312987 /* User.swift */,
			);
			path = Models;
			sourceTree = "<group>";
		};
		C5EF99D42BBB297400312987 /* Frameworks */ = {
			isa = PBXGroup;
			children = (
			);
			name = Frameworks;
			sourceTree = "<group>";
		};
		C5EF99E52BBFDD8A00312987 /* Profile */ = {
			isa = PBXGroup;
			children = (
				C5EF99E72BBFDD9800312987 /* Controller */,
				C5EF99E62BBFDD9200312987 /* Store */,
				C5EF99FA2BBFF3D600312987 /* ViewModel */,
			);
			path = Profile;
			sourceTree = "<group>";
		};
		C5EF99E62BBFDD9200312987 /* Store */ = {
			isa = PBXGroup;
			children = (
				C5EF99E82BBFDDB000312987 /* ProfileStore.swift */,
			);
			path = Store;
			sourceTree = "<group>";
		};
		C5EF99E72BBFDD9800312987 /* Controller */ = {
			isa = PBXGroup;
			children = (
				C5EF99EA2BBFDE4000312987 /* ProfileViewController.swift */,
				C5EF99EF2BBFF08800312987 /* TableView */,
			);
			path = Controller;
			sourceTree = "<group>";
		};
		C5EF99EF2BBFF08800312987 /* TableView */ = {
			isa = PBXGroup;
			children = (
				C5EF99F02BBFF09600312987 /* ProfileTableViewDataSourceImpl.swift */,
				C5EF99F32BBFF0A500312987 /* ProfileTableViewDelegateImpl.swift */,
			);
			path = TableView;
			sourceTree = "<group>";
		};
		C5EF99F62BBFF21500312987 /* TableViewItemCell */ = {
			isa = PBXGroup;
			children = (
				C5105F342BB482A4000D5B28 /* TableViewItemCell.swift */,
				C5105F322BB48259000D5B28 /* TableViewItemCellModel.swift */,
			);
			path = TableViewItemCell;
			sourceTree = "<group>";
		};
		C5EF99F72BBFF33C00312987 /* ViewModel */ = {
			isa = PBXGroup;
			children = (
				C5EF99F82BBFF34500312987 /* SearchCellModel.swift */,
			);
			path = ViewModel;
			sourceTree = "<group>";
		};
		C5EF99FA2BBFF3D600312987 /* ViewModel */ = {
			isa = PBXGroup;
			children = (
				C5EF99FB2BBFF3DE00312987 /* ProfileCellModel.swift */,
			);
			path = ViewModel;
			sourceTree = "<group>";
		};
		C5EF99FF2BC1F2A600312987 /* Create */ = {
			isa = PBXGroup;
			children = (
				C5EF9A002BC1F2AF00312987 /* Controller */,
				C5EF9A032BC1F2B800312987 /* Store */,
				C5EF9A012BC1F2B200312987 /* View */,
				C5EF9A022BC1F2B400312987 /* ViewModel */,
			);
			path = Create;
			sourceTree = "<group>";
		};
		C5EF9A002BC1F2AF00312987 /* Controller */ = {
			isa = PBXGroup;
			children = (
				C5EF9A062BC1F82D00312987 /* CreateViewController.swift */,
				C5EF9A082BC1F82F00312987 /* TableView */,
			);
			path = Controller;
			sourceTree = "<group>";
		};
		C5EF9A012BC1F2B200312987 /* View */ = {
			isa = PBXGroup;
			children = (
				C5EF9A1B2BC32D8200312987 /* CreateMapCell.swift */,
				C5EF9A0F2BC20A4100312987 /* CreatePhotoCell.swift */,
				C5EF9A112BC2A8F800312987 /* CreatePhotoEmptyView.swift */,
				C5EF9A132BC2B8AF00312987 /* CreatePhotoView.swift */,
				C5EF9A152BC3171C00312987 /* CreateTextFieldCell.swift */,
				C5EF9A192BC323E900312987 /* CreateTextViewCell.swift */,
			);
			path = View;
			sourceTree = "<group>";
		};
		C5EF9A022BC1F2B400312987 /* ViewModel */ = {
			isa = PBXGroup;
			children = (
				C5EF9A172BC3196400312987 /* CreateTextFieldCellModel.swift */,
			);
			path = ViewModel;
			sourceTree = "<group>";
		};
		C5EF9A032BC1F2B800312987 /* Store */ = {
			isa = PBXGroup;
			children = (
				C5EF9A042BC1F2C300312987 /* CreateStore.swift */,
			);
			path = Store;
			sourceTree = "<group>";
		};
		C5EF9A082BC1F82F00312987 /* TableView */ = {
			isa = PBXGroup;
			children = (
				C5EF9A0B2BC1F84300312987 /* CreateTableViewDataSourceImpl.swift */,
			);
			path = TableView;
			sourceTree = "<group>";
		};
		C5EF9A1D2BC33E8900312987 /* Map */ = {
			isa = PBXGroup;
			children = (
				C5EF9A1F2BC340C800312987 /* Controller */,
			);
			path = Map;
			sourceTree = "<group>";
		};
		C5EF9A1F2BC340C800312987 /* Controller */ = {
			isa = PBXGroup;
			children = (
				C5EF9A202BC340D300312987 /* MapViewController.swift */,
			);
			path = Controller;
			sourceTree = "<group>";
		};
		C5EF9A262BC3897C00312987 /* Store */ = {
			isa = PBXGroup;
			children = (
				C5EF9A272BC3898800312987 /* HomeStore.swift */,
			);
			path = Store;
			sourceTree = "<group>";
		};
		C5F55BBB2B87718E0053D5BB /* OTP */ = {
			isa = PBXGroup;
			children = (
				C5F55BBC2B8771980053D5BB /* Controller */,
				C5F55BBD2B87719C0053D5BB /* View */,
			);
			path = OTP;
			sourceTree = "<group>";
		};
		C5F55BBC2B8771980053D5BB /* Controller */ = {
			isa = PBXGroup;
			children = (
				C5F55BBE2B8772100053D5BB /* OTPViewController.swift */,
			);
			path = Controller;
			sourceTree = "<group>";
		};
		C5F55BBD2B87719C0053D5BB /* View */ = {
			isa = PBXGroup;
			children = (
				C5F55BC02B87D9810053D5BB /* OTPTextField.swift */,
			);
			path = View;
			sourceTree = "<group>";
		};
/* End PBXGroup section */

/* Begin PBXNativeTarget section */
		C53BD2542B7E217D0078D28E /* Mapster */ = {
			isa = PBXNativeTarget;
			buildConfigurationList = C53BD2692B7E217F0078D28E /* Build configuration list for PBXNativeTarget "Mapster" */;
			buildPhases = (
				C53BD2512B7E217D0078D28E /* Sources */,
				C53BD2522B7E217D0078D28E /* Frameworks */,
				C53BD2532B7E217D0078D28E /* Resources */,
			);
			buildRules = (
			);
			dependencies = (
			);
			name = Mapster;
			packageProductDependencies = (
				C53BD2812B7E28720078D28E /* SnapKit */,
				C50597B22B8233BF0058B519 /* IQKeyboardManagerSwift */,
				C57523232B98EC4D00ECCDE3 /* FirebaseAuth */,
				C57523382B98F79E00ECCDE3 /* Factory */,
				C5EF99D52BBB297400312987 /* FirebaseFirestore */,
				C5EF99E02BBFDB0F00312987 /* FirebaseStorage */,
				C5EF99E32BBFDBF900312987 /* Kingfisher */,
			);
			productName = Mapster;
			productReference = C53BD2552B7E217D0078D28E /* Mapster.app */;
			productType = "com.apple.product-type.application";
		};
/* End PBXNativeTarget section */

/* Begin PBXProject section */
		C53BD24D2B7E217D0078D28E /* Project object */ = {
			isa = PBXProject;
			attributes = {
				BuildIndependentTargetsInParallel = 1;
				LastSwiftUpdateCheck = 1520;
				LastUpgradeCheck = 1520;
				TargetAttributes = {
					C53BD2542B7E217D0078D28E = {
						CreatedOnToolsVersion = 15.2;
					};
				};
			};
			buildConfigurationList = C53BD2502B7E217D0078D28E /* Build configuration list for PBXProject "Mapster" */;
			compatibilityVersion = "Xcode 14.0";
			developmentRegion = en;
			hasScannedForEncodings = 0;
			knownRegions = (
				en,
				Base,
			);
			mainGroup = C53BD24C2B7E217D0078D28E;
			packageReferences = (
				C53BD2802B7E28720078D28E /* XCRemoteSwiftPackageReference "SnapKit" */,
				C50597B12B8233BF0058B519 /* XCRemoteSwiftPackageReference "IQKeyboardManager" */,
				C57523222B98EC4D00ECCDE3 /* XCRemoteSwiftPackageReference "firebase-ios-sdk" */,
				C57523372B98F79E00ECCDE3 /* XCRemoteSwiftPackageReference "Factory" */,
				C5EF99E22BBFDBF800312987 /* XCRemoteSwiftPackageReference "Kingfisher" */,
			);
			productRefGroup = C53BD2562B7E217D0078D28E /* Products */;
			projectDirPath = "";
			projectRoot = "";
			targets = (
				C53BD2542B7E217D0078D28E /* Mapster */,
			);
		};
/* End PBXProject section */

/* Begin PBXResourcesBuildPhase section */
		C53BD2532B7E217D0078D28E /* Resources */ = {
			isa = PBXResourcesBuildPhase;
			buildActionMask = 2147483647;
			files = (
				C511A81E2B811D95002DB0E4 /* Mulish-ExtraBold.ttf in Resources */,
				C57523402B990A7700ECCDE3 /* GoogleService-Info.plist in Resources */,
				C53BD2652B7E217F0078D28E /* LaunchScreen.storyboard in Resources */,
				C511A8202B811D9F002DB0E4 /* Mulish-Light.ttf in Resources */,
				C511A8262B811DDC002DB0E4 /* Mulish-Bold.ttf in Resources */,
				C511A8252B811DDC002DB0E4 /* Mulish-SemiBold.ttf in Resources */,
				C511A8222B811DAA002DB0E4 /* Mulish-Regular.ttf in Resources */,
				C53BD2622B7E217F0078D28E /* Assets.xcassets in Resources */,
			);
			runOnlyForDeploymentPostprocessing = 0;
		};
/* End PBXResourcesBuildPhase section */

/* Begin PBXSourcesBuildPhase section */
		C53BD2512B7E217D0078D28E /* Sources */ = {
			isa = PBXSourcesBuildPhase;
			buildActionMask = 2147483647;
			files = (
				C5EF99F12BBFF09600312987 /* ProfileTableViewDataSourceImpl.swift in Sources */,
				C5E472252BB36C63002AA59B /* FavouritesViewController.swift in Sources */,
				C58190952B8CD27B001BE36E /* HomeViewController.swift in Sources */,
				C5105F372BB49311000D5B28 /* Collection+Safe.swift in Sources */,
				C5105F2B2BB4806F000D5B28 /* SearchTableViewDataSourceImpl.swift in Sources */,
				C5142E0B2B83624800384411 /* AuthorizationCheckoxViewModel.swift in Sources */,
				C5E4722F2BB36ECF002AA59B /* FavouritesEmptyCell.swift in Sources */,
				C5EF9A142BC2B8AF00312987 /* CreatePhotoView.swift in Sources */,
				C53BD2752B7E24E30078D28E /* AppCoordinator.swift in Sources */,
				C5EF9A072BC1F82D00312987 /* CreateViewController.swift in Sources */,
				C57523332B98EF4D00ECCDE3 /* Combine.swift in Sources */,
				C5EF99FC2BBFF3DE00312987 /* ProfileCellModel.swift in Sources */,
				C511A82D2B812474002DB0E4 /* OnboardingModuleFactory.swift in Sources */,
				C5EF9A0E2BC2038500312987 /* TitleCell.swift in Sources */,
				C511A8292B811ED9002DB0E4 /* Font.swift in Sources */,
				C53BD2772B7E253D0078D28E /* Coordinator.swift in Sources */,
				C57523442B99F33600ECCDE3 /* BaseViewController.swift in Sources */,
				C5F55BC12B87D9810053D5BB /* OTPTextField.swift in Sources */,
				C575233E2B98F95A00ECCDE3 /* Repositories.swift in Sources */,
				C5105F302BB481B6000D5B28 /* SearchStore.swift in Sources */,
				C5E472362BB4150A002AA59B /* FavouritesCellModel.swift in Sources */,
				C5E472272BB36D4F002AA59B /* FavouritesTableViewDataSourceImpl.swift in Sources */,
				C5EF9A122BC2A8F800312987 /* CreatePhotoEmptyView.swift in Sources */,
				C575232E2B98EEEB00ECCDE3 /* Store.swift in Sources */,
				C5EF9A1C2BC32D8200312987 /* CreateMapCell.swift in Sources */,
				C53BD2592B7E217D0078D28E /* AppDelegate.swift in Sources */,
				C5D9DCDD2B8B3D36000B010C /* PasswordValidatationService.swift in Sources */,
				C5EF9A212BC340D300312987 /* MapViewController.swift in Sources */,
				C5EF9A282BC3898800312987 /* HomeStore.swift in Sources */,
				C5E4723C2BB418C0002AA59B /* Advertisement.swift in Sources */,
				C581908E2B8CCC53001BE36E /* MainCoordinator.swift in Sources */,
				C53BD28A2B7E335F0078D28E /* OnboardingViewModel.swift in Sources */,
				C5EF9A182BC3196400312987 /* CreateTextFieldCellModel.swift in Sources */,
				C5EF99E92BBFDDB000312987 /* ProfileStore.swift in Sources */,
				C5EF9A1A2BC323E900312987 /* CreateTextViewCell.swift in Sources */,
				C581908B2B8CCBF0001BE36E /* ContainerController.swift in Sources */,
				C5142E0E2B836DD200384411 /* ActionButton.swift in Sources */,
				C5EF99F92BBFF34500312987 /* SearchCellModel.swift in Sources */,
				C5EF9A052BC1F2C300312987 /* CreateStore.swift in Sources */,
				C53BD27F2B7E27850078D28E /* OnboardingViewController.swift in Sources */,
				C50597B52B8235C00058B519 /* AuthorizationCheckboxView.swift in Sources */,
				C5EF99DF2BBFDAE900312987 /* ImageRepository.swift in Sources */,
				C575233C2B98F85100ECCDE3 /* AppContainer.swift in Sources */,
				C57523472B9FA69800ECCDE3 /* PasswordResetStore.swift in Sources */,
				C5D9DCDB2B8B3842000B010C /* PasswordResetViewController.swift in Sources */,
				C5142E082B835FE400384411 /* UITextField+ViewPadding.swift in Sources */,
				C5EF99F42BBFF0A500312987 /* ProfileTableViewDelegateImpl.swift in Sources */,
				C50597B02B821CE90058B519 /* AuthorizationCoordinator.swift in Sources */,
				C5EF9A102BC20A4100312987 /* CreatePhotoCell.swift in Sources */,
				C5EF99DA2BBF0D1400312987 /* User.swift in Sources */,
				C5EF9A232BC35B8800312987 /* LocationDataManager.swift in Sources */,
				C5F55BBF2B8772100053D5BB /* OTPViewController.swift in Sources */,
				C53BD2872B7E2EE80078D28E /* OnboardingView.swift in Sources */,
				C50597AE2B821C9D0058B519 /* AuthorizationModuleFactory.swift in Sources */,
				C511A82B2B81246B002DB0E4 /* OnboardingCoordinator.swift in Sources */,
				C5EF99EE2BBFE85D00312987 /* CircularView.swift in Sources */,
				C57523362B98F65900ECCDE3 /* AuthRepository.swift in Sources */,
				C58190902B8CCDA6001BE36E /* MainModuleFactory.swift in Sources */,
				C5EF99D82BBB2B2600312987 /* AdvertisementRepository.swift in Sources */,
				C5EF99EB2BBFDE4000312987 /* ProfileViewController.swift in Sources */,
				C5E4722C2BB36DD7002AA59B /* FavouritesStore.swift in Sources */,
				C5105F292BB4805C000D5B28 /* SearchViewController.swift in Sources */,
				C5105F332BB48259000D5B28 /* TableViewItemCellModel.swift in Sources */,
				C5105F2D2BB48167000D5B28 /* SearchTableViewDelegateImpl.swift in Sources */,
				C5E472312BB370E5002AA59B /* FavouritesCell.swift in Sources */,
				C57523292B98EE8A00ECCDE3 /* AuthStore.swift in Sources */,
				C575232D2B98EEEB00ECCDE3 /* UIViewController+bindStore.swift in Sources */,
				C5E472382BB41551002AA59B /* Double+NumberFormatter.swift in Sources */,
				C53BD2792B7E258C0078D28E /* Router.swift in Sources */,
				C5EF9A0C2BC1F84300312987 /* CreateTableViewDataSourceImpl.swift in Sources */,
				C50597AC2B821C240058B519 /* AuthorizationViewController.swift in Sources */,
				C5E472292BB36D5F002AA59B /* FavouritesTableViewDelegateImpl.swift in Sources */,
				C57523312B98EF2600ECCDE3 /* Bag.swift in Sources */,
				C5105F352BB482A4000D5B28 /* TableViewItemCell.swift in Sources */,
				C5E472332BB41438002AA59B /* UITableView.swift in Sources */,
				C5EF9A162BC3171C00312987 /* CreateTextFieldCell.swift in Sources */,
			);
			runOnlyForDeploymentPostprocessing = 0;
		};
/* End PBXSourcesBuildPhase section */

/* Begin PBXVariantGroup section */
		C53BD2632B7E217F0078D28E /* LaunchScreen.storyboard */ = {
			isa = PBXVariantGroup;
			children = (
				C53BD2642B7E217F0078D28E /* Base */,
			);
			name = LaunchScreen.storyboard;
			sourceTree = "<group>";
		};
/* End PBXVariantGroup section */

/* Begin XCBuildConfiguration section */
		C53BD2672B7E217F0078D28E /* Debug */ = {
			isa = XCBuildConfiguration;
			buildSettings = {
				ALWAYS_SEARCH_USER_PATHS = NO;
				ASSETCATALOG_COMPILER_GENERATE_SWIFT_ASSET_SYMBOL_EXTENSIONS = YES;
				CLANG_ANALYZER_NONNULL = YES;
				CLANG_ANALYZER_NUMBER_OBJECT_CONVERSION = YES_AGGRESSIVE;
				CLANG_CXX_LANGUAGE_STANDARD = "gnu++20";
				CLANG_ENABLE_MODULES = YES;
				CLANG_ENABLE_OBJC_ARC = YES;
				CLANG_ENABLE_OBJC_WEAK = YES;
				CLANG_WARN_BLOCK_CAPTURE_AUTORELEASING = YES;
				CLANG_WARN_BOOL_CONVERSION = YES;
				CLANG_WARN_COMMA = YES;
				CLANG_WARN_CONSTANT_CONVERSION = YES;
				CLANG_WARN_DEPRECATED_OBJC_IMPLEMENTATIONS = YES;
				CLANG_WARN_DIRECT_OBJC_ISA_USAGE = YES_ERROR;
				CLANG_WARN_DOCUMENTATION_COMMENTS = YES;
				CLANG_WARN_EMPTY_BODY = YES;
				CLANG_WARN_ENUM_CONVERSION = YES;
				CLANG_WARN_INFINITE_RECURSION = YES;
				CLANG_WARN_INT_CONVERSION = YES;
				CLANG_WARN_NON_LITERAL_NULL_CONVERSION = YES;
				CLANG_WARN_OBJC_IMPLICIT_RETAIN_SELF = YES;
				CLANG_WARN_OBJC_LITERAL_CONVERSION = YES;
				CLANG_WARN_OBJC_ROOT_CLASS = YES_ERROR;
				CLANG_WARN_QUOTED_INCLUDE_IN_FRAMEWORK_HEADER = YES;
				CLANG_WARN_RANGE_LOOP_ANALYSIS = YES;
				CLANG_WARN_STRICT_PROTOTYPES = YES;
				CLANG_WARN_SUSPICIOUS_MOVE = YES;
				CLANG_WARN_UNGUARDED_AVAILABILITY = YES_AGGRESSIVE;
				CLANG_WARN_UNREACHABLE_CODE = YES;
				CLANG_WARN__DUPLICATE_METHOD_MATCH = YES;
				COPY_PHASE_STRIP = NO;
				DEBUG_INFORMATION_FORMAT = dwarf;
				ENABLE_STRICT_OBJC_MSGSEND = YES;
				ENABLE_TESTABILITY = YES;
				ENABLE_USER_SCRIPT_SANDBOXING = YES;
				GCC_C_LANGUAGE_STANDARD = gnu17;
				GCC_DYNAMIC_NO_PIC = NO;
				GCC_NO_COMMON_BLOCKS = YES;
				GCC_OPTIMIZATION_LEVEL = 0;
				GCC_PREPROCESSOR_DEFINITIONS = (
					"DEBUG=1",
					"$(inherited)",
				);
				GCC_WARN_64_TO_32_BIT_CONVERSION = YES;
				GCC_WARN_ABOUT_RETURN_TYPE = YES_ERROR;
				GCC_WARN_UNDECLARED_SELECTOR = YES;
				GCC_WARN_UNINITIALIZED_AUTOS = YES_AGGRESSIVE;
				GCC_WARN_UNUSED_FUNCTION = YES;
				GCC_WARN_UNUSED_VARIABLE = YES;
				IPHONEOS_DEPLOYMENT_TARGET = 17.2;
				LOCALIZATION_PREFERS_STRING_CATALOGS = YES;
				MTL_ENABLE_DEBUG_INFO = INCLUDE_SOURCE;
				MTL_FAST_MATH = YES;
				ONLY_ACTIVE_ARCH = YES;
				SDKROOT = iphoneos;
				SWIFT_ACTIVE_COMPILATION_CONDITIONS = "DEBUG $(inherited)";
				SWIFT_OPTIMIZATION_LEVEL = "-Onone";
			};
			name = Debug;
		};
		C53BD2682B7E217F0078D28E /* Release */ = {
			isa = XCBuildConfiguration;
			buildSettings = {
				ALWAYS_SEARCH_USER_PATHS = NO;
				ASSETCATALOG_COMPILER_GENERATE_SWIFT_ASSET_SYMBOL_EXTENSIONS = YES;
				CLANG_ANALYZER_NONNULL = YES;
				CLANG_ANALYZER_NUMBER_OBJECT_CONVERSION = YES_AGGRESSIVE;
				CLANG_CXX_LANGUAGE_STANDARD = "gnu++20";
				CLANG_ENABLE_MODULES = YES;
				CLANG_ENABLE_OBJC_ARC = YES;
				CLANG_ENABLE_OBJC_WEAK = YES;
				CLANG_WARN_BLOCK_CAPTURE_AUTORELEASING = YES;
				CLANG_WARN_BOOL_CONVERSION = YES;
				CLANG_WARN_COMMA = YES;
				CLANG_WARN_CONSTANT_CONVERSION = YES;
				CLANG_WARN_DEPRECATED_OBJC_IMPLEMENTATIONS = YES;
				CLANG_WARN_DIRECT_OBJC_ISA_USAGE = YES_ERROR;
				CLANG_WARN_DOCUMENTATION_COMMENTS = YES;
				CLANG_WARN_EMPTY_BODY = YES;
				CLANG_WARN_ENUM_CONVERSION = YES;
				CLANG_WARN_INFINITE_RECURSION = YES;
				CLANG_WARN_INT_CONVERSION = YES;
				CLANG_WARN_NON_LITERAL_NULL_CONVERSION = YES;
				CLANG_WARN_OBJC_IMPLICIT_RETAIN_SELF = YES;
				CLANG_WARN_OBJC_LITERAL_CONVERSION = YES;
				CLANG_WARN_OBJC_ROOT_CLASS = YES_ERROR;
				CLANG_WARN_QUOTED_INCLUDE_IN_FRAMEWORK_HEADER = YES;
				CLANG_WARN_RANGE_LOOP_ANALYSIS = YES;
				CLANG_WARN_STRICT_PROTOTYPES = YES;
				CLANG_WARN_SUSPICIOUS_MOVE = YES;
				CLANG_WARN_UNGUARDED_AVAILABILITY = YES_AGGRESSIVE;
				CLANG_WARN_UNREACHABLE_CODE = YES;
				CLANG_WARN__DUPLICATE_METHOD_MATCH = YES;
				COPY_PHASE_STRIP = NO;
				DEBUG_INFORMATION_FORMAT = "dwarf-with-dsym";
				ENABLE_NS_ASSERTIONS = NO;
				ENABLE_STRICT_OBJC_MSGSEND = YES;
				ENABLE_USER_SCRIPT_SANDBOXING = YES;
				GCC_C_LANGUAGE_STANDARD = gnu17;
				GCC_NO_COMMON_BLOCKS = YES;
				GCC_WARN_64_TO_32_BIT_CONVERSION = YES;
				GCC_WARN_ABOUT_RETURN_TYPE = YES_ERROR;
				GCC_WARN_UNDECLARED_SELECTOR = YES;
				GCC_WARN_UNINITIALIZED_AUTOS = YES_AGGRESSIVE;
				GCC_WARN_UNUSED_FUNCTION = YES;
				GCC_WARN_UNUSED_VARIABLE = YES;
				IPHONEOS_DEPLOYMENT_TARGET = 17.2;
				LOCALIZATION_PREFERS_STRING_CATALOGS = YES;
				MTL_ENABLE_DEBUG_INFO = NO;
				MTL_FAST_MATH = YES;
				SDKROOT = iphoneos;
				SWIFT_COMPILATION_MODE = wholemodule;
				VALIDATE_PRODUCT = YES;
			};
			name = Release;
		};
		C53BD26A2B7E217F0078D28E /* Debug */ = {
			isa = XCBuildConfiguration;
			buildSettings = {
				ASSETCATALOG_COMPILER_APPICON_NAME = AppIcon;
				ASSETCATALOG_COMPILER_GLOBAL_ACCENT_COLOR_NAME = AccentColor;
				CODE_SIGN_STYLE = Automatic;
				CURRENT_PROJECT_VERSION = 1;
				DEVELOPMENT_TEAM = 9RSGP9843T;
				GENERATE_INFOPLIST_FILE = YES;
				INFOPLIST_FILE = Mapster/App/Resources/Info.plist;
				INFOPLIST_KEY_NSLocationWhenInUseUsageDescription = "Разрешить приложению использовать вашу геолокацию?";
				INFOPLIST_KEY_UIApplicationSupportsIndirectInputEvents = YES;
				INFOPLIST_KEY_UILaunchStoryboardName = LaunchScreen.storyboard;
				INFOPLIST_KEY_UISupportedInterfaceOrientations = UIInterfaceOrientationPortrait;
				INFOPLIST_KEY_UISupportedInterfaceOrientations_iPad = "UIInterfaceOrientationLandscapeLeft UIInterfaceOrientationLandscapeRight UIInterfaceOrientationPortrait UIInterfaceOrientationPortraitUpsideDown";
				LD_RUNPATH_SEARCH_PATHS = (
					"$(inherited)",
					"@executable_path/Frameworks",
				);
				MARKETING_VERSION = 1.0;
				PRODUCT_BUNDLE_IDENTIFIER = kz.mapster.Mapster;
				PRODUCT_NAME = "$(TARGET_NAME)";
				SUPPORTED_PLATFORMS = "iphoneos iphonesimulator";
				SUPPORTS_MACCATALYST = NO;
				SUPPORTS_MAC_DESIGNED_FOR_IPHONE_IPAD = NO;
				SUPPORTS_XR_DESIGNED_FOR_IPHONE_IPAD = NO;
				SWIFT_EMIT_LOC_STRINGS = YES;
				SWIFT_VERSION = 5.0;
				TARGETED_DEVICE_FAMILY = 1;
			};
			name = Debug;
		};
		C53BD26B2B7E217F0078D28E /* Release */ = {
			isa = XCBuildConfiguration;
			buildSettings = {
				ASSETCATALOG_COMPILER_APPICON_NAME = AppIcon;
				ASSETCATALOG_COMPILER_GLOBAL_ACCENT_COLOR_NAME = AccentColor;
				CODE_SIGN_STYLE = Automatic;
				CURRENT_PROJECT_VERSION = 1;
				DEVELOPMENT_TEAM = 9RSGP9843T;
				GENERATE_INFOPLIST_FILE = YES;
				INFOPLIST_FILE = Mapster/App/Resources/Info.plist;
				INFOPLIST_KEY_NSLocationWhenInUseUsageDescription = "Разрешить приложению использовать вашу геолокацию?";
				INFOPLIST_KEY_UIApplicationSupportsIndirectInputEvents = YES;
				INFOPLIST_KEY_UILaunchStoryboardName = LaunchScreen.storyboard;
				INFOPLIST_KEY_UISupportedInterfaceOrientations = UIInterfaceOrientationPortrait;
				INFOPLIST_KEY_UISupportedInterfaceOrientations_iPad = "UIInterfaceOrientationLandscapeLeft UIInterfaceOrientationLandscapeRight UIInterfaceOrientationPortrait UIInterfaceOrientationPortraitUpsideDown";
				LD_RUNPATH_SEARCH_PATHS = (
					"$(inherited)",
					"@executable_path/Frameworks",
				);
				MARKETING_VERSION = 1.0;
				PRODUCT_BUNDLE_IDENTIFIER = kz.mapster.Mapster;
				PRODUCT_NAME = "$(TARGET_NAME)";
				SUPPORTED_PLATFORMS = "iphoneos iphonesimulator";
				SUPPORTS_MACCATALYST = NO;
				SUPPORTS_MAC_DESIGNED_FOR_IPHONE_IPAD = NO;
				SUPPORTS_XR_DESIGNED_FOR_IPHONE_IPAD = NO;
				SWIFT_EMIT_LOC_STRINGS = YES;
				SWIFT_VERSION = 5.0;
				TARGETED_DEVICE_FAMILY = 1;
			};
			name = Release;
		};
/* End XCBuildConfiguration section */

/* Begin XCConfigurationList section */
		C53BD2502B7E217D0078D28E /* Build configuration list for PBXProject "Mapster" */ = {
			isa = XCConfigurationList;
			buildConfigurations = (
				C53BD2672B7E217F0078D28E /* Debug */,
				C53BD2682B7E217F0078D28E /* Release */,
			);
			defaultConfigurationIsVisible = 0;
			defaultConfigurationName = Release;
		};
		C53BD2692B7E217F0078D28E /* Build configuration list for PBXNativeTarget "Mapster" */ = {
			isa = XCConfigurationList;
			buildConfigurations = (
				C53BD26A2B7E217F0078D28E /* Debug */,
				C53BD26B2B7E217F0078D28E /* Release */,
			);
			defaultConfigurationIsVisible = 0;
			defaultConfigurationName = Release;
		};
/* End XCConfigurationList section */

/* Begin XCRemoteSwiftPackageReference section */
		C50597B12B8233BF0058B519 /* XCRemoteSwiftPackageReference "IQKeyboardManager" */ = {
			isa = XCRemoteSwiftPackageReference;
			repositoryURL = "https://github.com/hackiftekhar/IQKeyboardManager";
			requirement = {
				kind = upToNextMajorVersion;
				minimumVersion = 7.0.1;
			};
		};
		C53BD2802B7E28720078D28E /* XCRemoteSwiftPackageReference "SnapKit" */ = {
			isa = XCRemoteSwiftPackageReference;
			repositoryURL = "https://github.com/SnapKit/SnapKit.git";
			requirement = {
				kind = upToNextMajorVersion;
				minimumVersion = 5.7.0;
			};
		};
		C57523222B98EC4D00ECCDE3 /* XCRemoteSwiftPackageReference "firebase-ios-sdk" */ = {
			isa = XCRemoteSwiftPackageReference;
			repositoryURL = "https://github.com/firebase/firebase-ios-sdk.git";
			requirement = {
				kind = upToNextMajorVersion;
				minimumVersion = 10.22.0;
			};
		};
		C57523372B98F79E00ECCDE3 /* XCRemoteSwiftPackageReference "Factory" */ = {
			isa = XCRemoteSwiftPackageReference;
			repositoryURL = "https://github.com/hmlongco/Factory";
			requirement = {
				kind = upToNextMajorVersion;
				minimumVersion = 2.3.1;
			};
		};
		C5EF99E22BBFDBF800312987 /* XCRemoteSwiftPackageReference "Kingfisher" */ = {
			isa = XCRemoteSwiftPackageReference;
			repositoryURL = "https://github.com/onevcat/Kingfisher";
			requirement = {
				kind = upToNextMajorVersion;
				minimumVersion = 7.11.0;
			};
		};
/* End XCRemoteSwiftPackageReference section */

/* Begin XCSwiftPackageProductDependency section */
		C50597B22B8233BF0058B519 /* IQKeyboardManagerSwift */ = {
			isa = XCSwiftPackageProductDependency;
			package = C50597B12B8233BF0058B519 /* XCRemoteSwiftPackageReference "IQKeyboardManager" */;
			productName = IQKeyboardManagerSwift;
		};
		C53BD2812B7E28720078D28E /* SnapKit */ = {
			isa = XCSwiftPackageProductDependency;
			package = C53BD2802B7E28720078D28E /* XCRemoteSwiftPackageReference "SnapKit" */;
			productName = SnapKit;
		};
		C57523232B98EC4D00ECCDE3 /* FirebaseAuth */ = {
			isa = XCSwiftPackageProductDependency;
			package = C57523222B98EC4D00ECCDE3 /* XCRemoteSwiftPackageReference "firebase-ios-sdk" */;
			productName = FirebaseAuth;
		};
		C57523382B98F79E00ECCDE3 /* Factory */ = {
			isa = XCSwiftPackageProductDependency;
			package = C57523372B98F79E00ECCDE3 /* XCRemoteSwiftPackageReference "Factory" */;
			productName = Factory;
		};
		C5EF99D52BBB297400312987 /* FirebaseFirestore */ = {
			isa = XCSwiftPackageProductDependency;
			package = C57523222B98EC4D00ECCDE3 /* XCRemoteSwiftPackageReference "firebase-ios-sdk" */;
			productName = FirebaseFirestore;
		};
		C5EF99E02BBFDB0F00312987 /* FirebaseStorage */ = {
			isa = XCSwiftPackageProductDependency;
			package = C57523222B98EC4D00ECCDE3 /* XCRemoteSwiftPackageReference "firebase-ios-sdk" */;
			productName = FirebaseStorage;
		};
		C5EF99E32BBFDBF900312987 /* Kingfisher */ = {
			isa = XCSwiftPackageProductDependency;
			package = C5EF99E22BBFDBF800312987 /* XCRemoteSwiftPackageReference "Kingfisher" */;
			productName = Kingfisher;
		};
/* End XCSwiftPackageProductDependency section */
	};
	rootObject = C53BD24D2B7E217D0078D28E /* Project object */;
}
