// !$*UTF8*$!
{
	archiveVersion = 1;
	classes = {
	};
	objectVersion = 56;
	objects = {

/* Begin PBXBuildFile section */
		C50597AC2B821C240058B519 /* AuthorizationViewController.swift in Sources */ = {isa = PBXBuildFile; fileRef = C50597AB2B821C240058B519 /* AuthorizationViewController.swift */; };
		C50597AE2B821C9D0058B519 /* AuthorizationModuleFactory.swift in Sources */ = {isa = PBXBuildFile; fileRef = C50597AD2B821C9D0058B519 /* AuthorizationModuleFactory.swift */; };
		C50597B02B821CE90058B519 /* AuthorizationCoordinator.swift in Sources */ = {isa = PBXBuildFile; fileRef = C50597AF2B821CE90058B519 /* AuthorizationCoordinator.swift */; };
		C50597B32B8233BF0058B519 /* IQKeyboardManagerSwift in Frameworks */ = {isa = PBXBuildFile; productRef = C50597B22B8233BF0058B519 /* IQKeyboardManagerSwift */; };
		C50597B52B8235C00058B519 /* AuthorizationCheckboxView.swift in Sources */ = {isa = PBXBuildFile; fileRef = C50597B42B8235C00058B519 /* AuthorizationCheckboxView.swift */; };
		C511A81E2B811D95002DB0E4 /* Mulish-ExtraBold.ttf in Resources */ = {isa = PBXBuildFile; fileRef = C511A81D2B811D95002DB0E4 /* Mulish-ExtraBold.ttf */; };
		C511A8202B811D9F002DB0E4 /* Mulish-Light.ttf in Resources */ = {isa = PBXBuildFile; fileRef = C511A81F2B811D9B002DB0E4 /* Mulish-Light.ttf */; };
		C511A8222B811DAA002DB0E4 /* Mulish-Regular.ttf in Resources */ = {isa = PBXBuildFile; fileRef = C511A8212B811DAA002DB0E4 /* Mulish-Regular.ttf */; };
		C511A8252B811DDC002DB0E4 /* Mulish-SemiBold.ttf in Resources */ = {isa = PBXBuildFile; fileRef = C511A8232B811DDC002DB0E4 /* Mulish-SemiBold.ttf */; };
		C511A8262B811DDC002DB0E4 /* Mulish-Bold.ttf in Resources */ = {isa = PBXBuildFile; fileRef = C511A8242B811DDC002DB0E4 /* Mulish-Bold.ttf */; };
		C511A8292B811ED9002DB0E4 /* Font.swift in Sources */ = {isa = PBXBuildFile; fileRef = C511A8282B811ED9002DB0E4 /* Font.swift */; };
		C511A82B2B81246B002DB0E4 /* OnboardingCoordinator.swift in Sources */ = {isa = PBXBuildFile; fileRef = C511A82A2B81246B002DB0E4 /* OnboardingCoordinator.swift */; };
		C511A82D2B812474002DB0E4 /* OnboardingModuleFactory.swift in Sources */ = {isa = PBXBuildFile; fileRef = C511A82C2B812474002DB0E4 /* OnboardingModuleFactory.swift */; };
		C5142E082B835FE400384411 /* UITextField+ViewPadding.swift in Sources */ = {isa = PBXBuildFile; fileRef = C5142E072B835FE400384411 /* UITextField+ViewPadding.swift */; };
		C5142E0B2B83624800384411 /* AuthorizationCheckoxViewModel.swift in Sources */ = {isa = PBXBuildFile; fileRef = C5142E0A2B83624800384411 /* AuthorizationCheckoxViewModel.swift */; };
		C5142E0E2B836DD200384411 /* ActionButton.swift in Sources */ = {isa = PBXBuildFile; fileRef = C5142E0D2B836DD200384411 /* ActionButton.swift */; };
		C53BD2592B7E217D0078D28E /* AppDelegate.swift in Sources */ = {isa = PBXBuildFile; fileRef = C53BD2582B7E217D0078D28E /* AppDelegate.swift */; };
		C53BD2622B7E217F0078D28E /* Assets.xcassets in Resources */ = {isa = PBXBuildFile; fileRef = C53BD2612B7E217F0078D28E /* Assets.xcassets */; };
		C53BD2652B7E217F0078D28E /* LaunchScreen.storyboard in Resources */ = {isa = PBXBuildFile; fileRef = C53BD2632B7E217F0078D28E /* LaunchScreen.storyboard */; };
		C53BD2752B7E24E30078D28E /* AppCoordinator.swift in Sources */ = {isa = PBXBuildFile; fileRef = C53BD2742B7E24E30078D28E /* AppCoordinator.swift */; };
		C53BD2772B7E253D0078D28E /* Coordinator.swift in Sources */ = {isa = PBXBuildFile; fileRef = C53BD2762B7E253D0078D28E /* Coordinator.swift */; };
		C53BD2792B7E258C0078D28E /* Router.swift in Sources */ = {isa = PBXBuildFile; fileRef = C53BD2782B7E258C0078D28E /* Router.swift */; };
		C53BD27F2B7E27850078D28E /* OnboardingViewController.swift in Sources */ = {isa = PBXBuildFile; fileRef = C53BD27E2B7E27850078D28E /* OnboardingViewController.swift */; };
		C53BD2822B7E28720078D28E /* SnapKit in Frameworks */ = {isa = PBXBuildFile; productRef = C53BD2812B7E28720078D28E /* SnapKit */; };
		C53BD2842B7E28720078D28E /* SnapKit-Dynamic in Frameworks */ = {isa = PBXBuildFile; productRef = C53BD2832B7E28720078D28E /* SnapKit-Dynamic */; };
		C53BD2872B7E2EE80078D28E /* OnboardingView.swift in Sources */ = {isa = PBXBuildFile; fileRef = C53BD2862B7E2EE80078D28E /* OnboardingView.swift */; };
		C53BD28A2B7E335F0078D28E /* OnboardingViewModel.swift in Sources */ = {isa = PBXBuildFile; fileRef = C53BD2892B7E335F0078D28E /* OnboardingViewModel.swift */; };
		C581908B2B8CCBF0001BE36E /* ContainerController.swift in Sources */ = {isa = PBXBuildFile; fileRef = C581908A2B8CCBF0001BE36E /* ContainerController.swift */; };
		C581908E2B8CCC53001BE36E /* MainCoordinator.swift in Sources */ = {isa = PBXBuildFile; fileRef = C581908D2B8CCC53001BE36E /* MainCoordinator.swift */; };
		C58190902B8CCDA6001BE36E /* MainModuleFactory.swift in Sources */ = {isa = PBXBuildFile; fileRef = C581908F2B8CCDA6001BE36E /* MainModuleFactory.swift */; };
		C58190952B8CD27B001BE36E /* HomeViewController.swift in Sources */ = {isa = PBXBuildFile; fileRef = C58190942B8CD27B001BE36E /* HomeViewController.swift */; };
		C5D9DCDB2B8B3842000B010C /* PasswordResetViewController.swift in Sources */ = {isa = PBXBuildFile; fileRef = C5D9DCDA2B8B3842000B010C /* PasswordResetViewController.swift */; };
		C5D9DCDD2B8B3D36000B010C /* PasswordValidatationService.swift in Sources */ = {isa = PBXBuildFile; fileRef = C5D9DCDC2B8B3D36000B010C /* PasswordValidatationService.swift */; };
		C5F55BBF2B8772100053D5BB /* OTPViewController.swift in Sources */ = {isa = PBXBuildFile; fileRef = C5F55BBE2B8772100053D5BB /* OTPViewController.swift */; };
		C5F55BC12B87D9810053D5BB /* OTPTextField.swift in Sources */ = {isa = PBXBuildFile; fileRef = C5F55BC02B87D9810053D5BB /* OTPTextField.swift */; };
/* End PBXBuildFile section */

/* Begin PBXFileReference section */
		C50597AB2B821C240058B519 /* AuthorizationViewController.swift */ = {isa = PBXFileReference; lastKnownFileType = sourcecode.swift; path = AuthorizationViewController.swift; sourceTree = "<group>"; };
		C50597AD2B821C9D0058B519 /* AuthorizationModuleFactory.swift */ = {isa = PBXFileReference; lastKnownFileType = sourcecode.swift; path = AuthorizationModuleFactory.swift; sourceTree = "<group>"; };
		C50597AF2B821CE90058B519 /* AuthorizationCoordinator.swift */ = {isa = PBXFileReference; lastKnownFileType = sourcecode.swift; path = AuthorizationCoordinator.swift; sourceTree = "<group>"; };
		C50597B42B8235C00058B519 /* AuthorizationCheckboxView.swift */ = {isa = PBXFileReference; lastKnownFileType = sourcecode.swift; path = AuthorizationCheckboxView.swift; sourceTree = "<group>"; };
		C511A81D2B811D95002DB0E4 /* Mulish-ExtraBold.ttf */ = {isa = PBXFileReference; lastKnownFileType = file; path = "Mulish-ExtraBold.ttf"; sourceTree = "<group>"; };
		C511A81F2B811D9B002DB0E4 /* Mulish-Light.ttf */ = {isa = PBXFileReference; lastKnownFileType = file; path = "Mulish-Light.ttf"; sourceTree = "<group>"; };
		C511A8212B811DAA002DB0E4 /* Mulish-Regular.ttf */ = {isa = PBXFileReference; lastKnownFileType = file; path = "Mulish-Regular.ttf"; sourceTree = "<group>"; };
		C511A8232B811DDC002DB0E4 /* Mulish-SemiBold.ttf */ = {isa = PBXFileReference; lastKnownFileType = file; path = "Mulish-SemiBold.ttf"; sourceTree = "<group>"; };
		C511A8242B811DDC002DB0E4 /* Mulish-Bold.ttf */ = {isa = PBXFileReference; lastKnownFileType = file; path = "Mulish-Bold.ttf"; sourceTree = "<group>"; };
		C511A8282B811ED9002DB0E4 /* Font.swift */ = {isa = PBXFileReference; lastKnownFileType = sourcecode.swift; path = Font.swift; sourceTree = "<group>"; };
		C511A82A2B81246B002DB0E4 /* OnboardingCoordinator.swift */ = {isa = PBXFileReference; lastKnownFileType = sourcecode.swift; path = OnboardingCoordinator.swift; sourceTree = "<group>"; };
		C511A82C2B812474002DB0E4 /* OnboardingModuleFactory.swift */ = {isa = PBXFileReference; lastKnownFileType = sourcecode.swift; path = OnboardingModuleFactory.swift; sourceTree = "<group>"; };
		C5142E072B835FE400384411 /* UITextField+ViewPadding.swift */ = {isa = PBXFileReference; lastKnownFileType = sourcecode.swift; path = "UITextField+ViewPadding.swift"; sourceTree = "<group>"; };
		C5142E0A2B83624800384411 /* AuthorizationCheckoxViewModel.swift */ = {isa = PBXFileReference; lastKnownFileType = sourcecode.swift; path = AuthorizationCheckoxViewModel.swift; sourceTree = "<group>"; };
		C5142E0D2B836DD200384411 /* ActionButton.swift */ = {isa = PBXFileReference; lastKnownFileType = sourcecode.swift; path = ActionButton.swift; sourceTree = "<group>"; };
		C53BD2552B7E217D0078D28E /* Mapster.app */ = {isa = PBXFileReference; explicitFileType = wrapper.application; includeInIndex = 0; path = Mapster.app; sourceTree = BUILT_PRODUCTS_DIR; };
		C53BD2582B7E217D0078D28E /* AppDelegate.swift */ = {isa = PBXFileReference; lastKnownFileType = sourcecode.swift; path = AppDelegate.swift; sourceTree = "<group>"; };
		C53BD2612B7E217F0078D28E /* Assets.xcassets */ = {isa = PBXFileReference; lastKnownFileType = folder.assetcatalog; path = Assets.xcassets; sourceTree = "<group>"; };
		C53BD2642B7E217F0078D28E /* Base */ = {isa = PBXFileReference; lastKnownFileType = file.storyboard; name = Base; path = Base.lproj/LaunchScreen.storyboard; sourceTree = "<group>"; };
		C53BD2662B7E217F0078D28E /* Info.plist */ = {isa = PBXFileReference; lastKnownFileType = text.plist.xml; path = Info.plist; sourceTree = "<group>"; };
		C53BD2742B7E24E30078D28E /* AppCoordinator.swift */ = {isa = PBXFileReference; lastKnownFileType = sourcecode.swift; path = AppCoordinator.swift; sourceTree = "<group>"; };
		C53BD2762B7E253D0078D28E /* Coordinator.swift */ = {isa = PBXFileReference; lastKnownFileType = sourcecode.swift; path = Coordinator.swift; sourceTree = "<group>"; };
		C53BD2782B7E258C0078D28E /* Router.swift */ = {isa = PBXFileReference; lastKnownFileType = sourcecode.swift; path = Router.swift; sourceTree = "<group>"; };
		C53BD27E2B7E27850078D28E /* OnboardingViewController.swift */ = {isa = PBXFileReference; lastKnownFileType = sourcecode.swift; path = OnboardingViewController.swift; sourceTree = "<group>"; };
		C53BD2862B7E2EE80078D28E /* OnboardingView.swift */ = {isa = PBXFileReference; lastKnownFileType = sourcecode.swift; path = OnboardingView.swift; sourceTree = "<group>"; };
		C53BD2892B7E335F0078D28E /* OnboardingViewModel.swift */ = {isa = PBXFileReference; lastKnownFileType = sourcecode.swift; path = OnboardingViewModel.swift; sourceTree = "<group>"; };
		C581908A2B8CCBF0001BE36E /* ContainerController.swift */ = {isa = PBXFileReference; lastKnownFileType = sourcecode.swift; path = ContainerController.swift; sourceTree = "<group>"; };
		C581908D2B8CCC53001BE36E /* MainCoordinator.swift */ = {isa = PBXFileReference; lastKnownFileType = sourcecode.swift; path = MainCoordinator.swift; sourceTree = "<group>"; };
		C581908F2B8CCDA6001BE36E /* MainModuleFactory.swift */ = {isa = PBXFileReference; lastKnownFileType = sourcecode.swift; path = MainModuleFactory.swift; sourceTree = "<group>"; };
		C58190942B8CD27B001BE36E /* HomeViewController.swift */ = {isa = PBXFileReference; lastKnownFileType = sourcecode.swift; path = HomeViewController.swift; sourceTree = "<group>"; };
		C5D9DCDA2B8B3842000B010C /* PasswordResetViewController.swift */ = {isa = PBXFileReference; lastKnownFileType = sourcecode.swift; path = PasswordResetViewController.swift; sourceTree = "<group>"; };
		C5D9DCDC2B8B3D36000B010C /* PasswordValidatationService.swift */ = {isa = PBXFileReference; lastKnownFileType = sourcecode.swift; path = PasswordValidatationService.swift; sourceTree = "<group>"; };
		C5F55BBE2B8772100053D5BB /* OTPViewController.swift */ = {isa = PBXFileReference; lastKnownFileType = sourcecode.swift; path = OTPViewController.swift; sourceTree = "<group>"; };
		C5F55BC02B87D9810053D5BB /* OTPTextField.swift */ = {isa = PBXFileReference; lastKnownFileType = sourcecode.swift; path = OTPTextField.swift; sourceTree = "<group>"; };
/* End PBXFileReference section */

/* Begin PBXFrameworksBuildPhase section */
		C53BD2522B7E217D0078D28E /* Frameworks */ = {
			isa = PBXFrameworksBuildPhase;
			buildActionMask = 2147483647;
			files = (
				C53BD2822B7E28720078D28E /* SnapKit in Frameworks */,
				C53BD2842B7E28720078D28E /* SnapKit-Dynamic in Frameworks */,
				C50597B32B8233BF0058B519 /* IQKeyboardManagerSwift in Frameworks */,
			);
			runOnlyForDeploymentPostprocessing = 0;
		};
/* End PBXFrameworksBuildPhase section */

/* Begin PBXGroup section */
		C50597A52B821BC20058B519 /* Authorization */ = {
			isa = PBXGroup;
			children = (
				C50597A72B821BD20058B519 /* Coordinator */,
				C50597A62B821BC70058B519 /* Modules */,
			);
			path = Authorization;
			sourceTree = "<group>";
		};
		C50597A62B821BC70058B519 /* Modules */ = {
			isa = PBXGroup;
			children = (
				C50597A82B821BDA0058B519 /* Authorization */,
				C5F55BBB2B87718E0053D5BB /* OTP */,
				C5D9DCD72B8B3827000B010C /* PasswordReset */,
			);
			path = Modules;
			sourceTree = "<group>";
		};
		C50597A72B821BD20058B519 /* Coordinator */ = {
			isa = PBXGroup;
			children = (
				C50597AF2B821CE90058B519 /* AuthorizationCoordinator.swift */,
				C50597AD2B821C9D0058B519 /* AuthorizationModuleFactory.swift */,
			);
			path = Coordinator;
			sourceTree = "<group>";
		};
		C50597A82B821BDA0058B519 /* Authorization */ = {
			isa = PBXGroup;
			children = (
				C50597A92B821C0D0058B519 /* Controller */,
				C5142E092B83623C00384411 /* Model */,
				C50597AA2B821C110058B519 /* View */,
			);
			path = Authorization;
			sourceTree = "<group>";
		};
		C50597A92B821C0D0058B519 /* Controller */ = {
			isa = PBXGroup;
			children = (
				C50597AB2B821C240058B519 /* AuthorizationViewController.swift */,
			);
			path = Controller;
			sourceTree = "<group>";
		};
		C50597AA2B821C110058B519 /* View */ = {
			isa = PBXGroup;
			children = (
				C50597B42B8235C00058B519 /* AuthorizationCheckboxView.swift */,
			);
			path = View;
			sourceTree = "<group>";
		};
		C511A7FC2B811D24002DB0E4 /* Fonts */ = {
			isa = PBXGroup;
			children = (
				C511A8242B811DDC002DB0E4 /* Mulish-Bold.ttf */,
				C511A81D2B811D95002DB0E4 /* Mulish-ExtraBold.ttf */,
				C511A81F2B811D9B002DB0E4 /* Mulish-Light.ttf */,
				C511A8212B811DAA002DB0E4 /* Mulish-Regular.ttf */,
				C511A8232B811DDC002DB0E4 /* Mulish-SemiBold.ttf */,
			);
			path = Fonts;
			sourceTree = "<group>";
		};
		C511A8272B811ECB002DB0E4 /* Helpers */ = {
			isa = PBXGroup;
			children = (
				C511A8282B811ED9002DB0E4 /* Font.swift */,
				C5D9DCDC2B8B3D36000B010C /* PasswordValidatationService.swift */,
				C5142E072B835FE400384411 /* UITextField+ViewPadding.swift */,
			);
			path = Helpers;
			sourceTree = "<group>";
		};
		C5142E092B83623C00384411 /* Model */ = {
			isa = PBXGroup;
			children = (
				C5142E0A2B83624800384411 /* AuthorizationCheckoxViewModel.swift */,
			);
			path = Model;
			sourceTree = "<group>";
		};
		C5142E0C2B836DBF00384411 /* UI */ = {
			isa = PBXGroup;
			children = (
				C5142E0D2B836DD200384411 /* ActionButton.swift */,
			);
			path = UI;
			sourceTree = "<group>";
		};
		C53BD24C2B7E217D0078D28E = {
			isa = PBXGroup;
			children = (
				C53BD2572B7E217D0078D28E /* Mapster */,
				C53BD2562B7E217D0078D28E /* Products */,
			);
			sourceTree = "<group>";
		};
		C53BD2562B7E217D0078D28E /* Products */ = {
			isa = PBXGroup;
			children = (
				C53BD2552B7E217D0078D28E /* Mapster.app */,
			);
			name = Products;
			sourceTree = "<group>";
		};
		C53BD2572B7E217D0078D28E /* Mapster */ = {
			isa = PBXGroup;
			children = (
				C53BD26E2B7E232F0078D28E /* App */,
			);
			path = Mapster;
			sourceTree = "<group>";
		};
		C53BD26C2B7E22F20078D28E /* Sources */ = {
			isa = PBXGroup;
			children = (
				C53BD2722B7E24CD0078D28E /* App */,
				C53BD2702B7E24760078D28E /* Features */,
			);
			path = Sources;
			sourceTree = "<group>";
		};
		C53BD26D2B7E23250078D28E /* Resources */ = {
			isa = PBXGroup;
			children = (
				C511A7FC2B811D24002DB0E4 /* Fonts */,
				C53BD2612B7E217F0078D28E /* Assets.xcassets */,
				C53BD2662B7E217F0078D28E /* Info.plist */,
				C53BD2632B7E217F0078D28E /* LaunchScreen.storyboard */,
			);
			path = Resources;
			sourceTree = "<group>";
		};
		C53BD26E2B7E232F0078D28E /* App */ = {
			isa = PBXGroup;
			children = (
				C53BD26D2B7E23250078D28E /* Resources */,
				C53BD26C2B7E22F20078D28E /* Sources */,
			);
			path = App;
			sourceTree = "<group>";
		};
		C53BD26F2B7E24690078D28E /* AppDelegate */ = {
			isa = PBXGroup;
			children = (
				C53BD2582B7E217D0078D28E /* AppDelegate.swift */,
			);
			path = AppDelegate;
			sourceTree = "<group>";
		};
		C53BD2702B7E24760078D28E /* Features */ = {
			isa = PBXGroup;
			children = (
				C50597A52B821BC20058B519 /* Authorization */,
				C58190882B8CCBCB001BE36E /* Main */,
				C53BD2712B7E24C20078D28E /* Onboarding */,
			);
			path = Features;
			sourceTree = "<group>";
		};
		C53BD2712B7E24C20078D28E /* Onboarding */ = {
			isa = PBXGroup;
			children = (
				C53BD27A2B7E27280078D28E /* Coordinator */,
				C53BD27B2B7E272E0078D28E /* Modules */,
			);
			path = Onboarding;
			sourceTree = "<group>";
		};
		C53BD2722B7E24CD0078D28E /* App */ = {
			isa = PBXGroup;
			children = (
				C53BD26F2B7E24690078D28E /* AppDelegate */,
				C511A8272B811ECB002DB0E4 /* Helpers */,
				C53BD2732B7E24D30078D28E /* Navigation */,
				C5142E0C2B836DBF00384411 /* UI */,
			);
			path = App;
			sourceTree = "<group>";
		};
		C53BD2732B7E24D30078D28E /* Navigation */ = {
			isa = PBXGroup;
			children = (
				C53BD2742B7E24E30078D28E /* AppCoordinator.swift */,
				C53BD2762B7E253D0078D28E /* Coordinator.swift */,
				C53BD2782B7E258C0078D28E /* Router.swift */,
			);
			path = Navigation;
			sourceTree = "<group>";
		};
		C53BD27A2B7E27280078D28E /* Coordinator */ = {
			isa = PBXGroup;
			children = (
				C511A82A2B81246B002DB0E4 /* OnboardingCoordinator.swift */,
				C511A82C2B812474002DB0E4 /* OnboardingModuleFactory.swift */,
			);
			path = Coordinator;
			sourceTree = "<group>";
		};
		C53BD27B2B7E272E0078D28E /* Modules */ = {
			isa = PBXGroup;
			children = (
				C53BD27C2B7E276A0078D28E /* Onboarding */,
			);
			path = Modules;
			sourceTree = "<group>";
		};
		C53BD27C2B7E276A0078D28E /* Onboarding */ = {
			isa = PBXGroup;
			children = (
				C53BD27D2B7E27750078D28E /* Controller */,
				C53BD2882B7E33530078D28E /* Model */,
				C53BD2852B7E2EE10078D28E /* View */,
			);
			path = Onboarding;
			sourceTree = "<group>";
		};
		C53BD27D2B7E27750078D28E /* Controller */ = {
			isa = PBXGroup;
			children = (
				C53BD27E2B7E27850078D28E /* OnboardingViewController.swift */,
			);
			path = Controller;
			sourceTree = "<group>";
		};
		C53BD2852B7E2EE10078D28E /* View */ = {
			isa = PBXGroup;
			children = (
				C53BD2862B7E2EE80078D28E /* OnboardingView.swift */,
			);
			path = View;
			sourceTree = "<group>";
		};
		C53BD2882B7E33530078D28E /* Model */ = {
			isa = PBXGroup;
			children = (
				C53BD2892B7E335F0078D28E /* OnboardingViewModel.swift */,
			);
			path = Model;
			sourceTree = "<group>";
		};
		C58190882B8CCBCB001BE36E /* Main */ = {
			isa = PBXGroup;
			children = (
				C581908C2B8CCC4B001BE36E /* Coordinator */,
				C58190892B8CCBD2001BE36E /* Modules */,
			);
			path = Main;
			sourceTree = "<group>";
		};
		C58190892B8CCBD2001BE36E /* Modules */ = {
			isa = PBXGroup;
			children = (
				C58190912B8CD1E5001BE36E /* Container */,
				C58190922B8CD26F001BE36E /* Home */,
			);
			path = Modules;
			sourceTree = "<group>";
		};
		C581908C2B8CCC4B001BE36E /* Coordinator */ = {
			isa = PBXGroup;
			children = (
				C581908D2B8CCC53001BE36E /* MainCoordinator.swift */,
				C581908F2B8CCDA6001BE36E /* MainModuleFactory.swift */,
			);
			path = Coordinator;
			sourceTree = "<group>";
		};
		C58190912B8CD1E5001BE36E /* Container */ = {
			isa = PBXGroup;
			children = (
				C581908A2B8CCBF0001BE36E /* ContainerController.swift */,
			);
			path = Container;
			sourceTree = "<group>";
		};
		C58190922B8CD26F001BE36E /* Home */ = {
			isa = PBXGroup;
			children = (
				C58190932B8CD272001BE36E /* Controller */,
			);
			path = Home;
			sourceTree = "<group>";
		};
		C58190932B8CD272001BE36E /* Controller */ = {
			isa = PBXGroup;
			children = (
				C58190942B8CD27B001BE36E /* HomeViewController.swift */,
			);
			path = Controller;
			sourceTree = "<group>";
		};
		C5D9DCD72B8B3827000B010C /* PasswordReset */ = {
			isa = PBXGroup;
			children = (
				C5D9DCD92B8B3836000B010C /* Controller */,
				C5D9DCD82B8B3833000B010C /* View */,
			);
			path = PasswordReset;
			sourceTree = "<group>";
		};
		C5D9DCD82B8B3833000B010C /* View */ = {
			isa = PBXGroup;
			children = (
			);
			path = View;
			sourceTree = "<group>";
		};
		C5D9DCD92B8B3836000B010C /* Controller */ = {
			isa = PBXGroup;
			children = (
				C5D9DCDA2B8B3842000B010C /* PasswordResetViewController.swift */,
			);
			path = Controller;
			sourceTree = "<group>";
		};
		C5F55BBB2B87718E0053D5BB /* OTP */ = {
			isa = PBXGroup;
			children = (
				C5F55BBC2B8771980053D5BB /* Controller */,
				C5F55BBD2B87719C0053D5BB /* View */,
			);
			path = OTP;
			sourceTree = "<group>";
		};
		C5F55BBC2B8771980053D5BB /* Controller */ = {
			isa = PBXGroup;
			children = (
				C5F55BBE2B8772100053D5BB /* OTPViewController.swift */,
			);
			path = Controller;
			sourceTree = "<group>";
		};
		C5F55BBD2B87719C0053D5BB /* View */ = {
			isa = PBXGroup;
			children = (
				C5F55BC02B87D9810053D5BB /* OTPTextField.swift */,
			);
			path = View;
			sourceTree = "<group>";
		};
/* End PBXGroup section */

/* Begin PBXNativeTarget section */
		C53BD2542B7E217D0078D28E /* Mapster */ = {
			isa = PBXNativeTarget;
			buildConfigurationList = C53BD2692B7E217F0078D28E /* Build configuration list for PBXNativeTarget "Mapster" */;
			buildPhases = (
				C53BD2512B7E217D0078D28E /* Sources */,
				C53BD2522B7E217D0078D28E /* Frameworks */,
				C53BD2532B7E217D0078D28E /* Resources */,
			);
			buildRules = (
			);
			dependencies = (
			);
			name = Mapster;
			packageProductDependencies = (
				C53BD2812B7E28720078D28E /* SnapKit */,
				C53BD2832B7E28720078D28E /* SnapKit-Dynamic */,
				C50597B22B8233BF0058B519 /* IQKeyboardManagerSwift */,
			);
			productName = Mapster;
			productReference = C53BD2552B7E217D0078D28E /* Mapster.app */;
			productType = "com.apple.product-type.application";
		};
/* End PBXNativeTarget section */

/* Begin PBXProject section */
		C53BD24D2B7E217D0078D28E /* Project object */ = {
			isa = PBXProject;
			attributes = {
				BuildIndependentTargetsInParallel = 1;
				LastSwiftUpdateCheck = 1520;
				LastUpgradeCheck = 1520;
				TargetAttributes = {
					C53BD2542B7E217D0078D28E = {
						CreatedOnToolsVersion = 15.2;
					};
				};
			};
			buildConfigurationList = C53BD2502B7E217D0078D28E /* Build configuration list for PBXProject "Mapster" */;
			compatibilityVersion = "Xcode 14.0";
			developmentRegion = en;
			hasScannedForEncodings = 0;
			knownRegions = (
				en,
				Base,
			);
			mainGroup = C53BD24C2B7E217D0078D28E;
			packageReferences = (
				C53BD2802B7E28720078D28E /* XCRemoteSwiftPackageReference "SnapKit" */,
				C50597B12B8233BF0058B519 /* XCRemoteSwiftPackageReference "IQKeyboardManager" */,
			);
			productRefGroup = C53BD2562B7E217D0078D28E /* Products */;
			projectDirPath = "";
			projectRoot = "";
			targets = (
				C53BD2542B7E217D0078D28E /* Mapster */,
			);
		};
/* End PBXProject section */

/* Begin PBXResourcesBuildPhase section */
		C53BD2532B7E217D0078D28E /* Resources */ = {
			isa = PBXResourcesBuildPhase;
			buildActionMask = 2147483647;
			files = (
				C511A81E2B811D95002DB0E4 /* Mulish-ExtraBold.ttf in Resources */,
				C53BD2652B7E217F0078D28E /* LaunchScreen.storyboard in Resources */,
				C511A8202B811D9F002DB0E4 /* Mulish-Light.ttf in Resources */,
				C511A8262B811DDC002DB0E4 /* Mulish-Bold.ttf in Resources */,
				C511A8252B811DDC002DB0E4 /* Mulish-SemiBold.ttf in Resources */,
				C511A8222B811DAA002DB0E4 /* Mulish-Regular.ttf in Resources */,
				C53BD2622B7E217F0078D28E /* Assets.xcassets in Resources */,
			);
			runOnlyForDeploymentPostprocessing = 0;
		};
/* End PBXResourcesBuildPhase section */

/* Begin PBXSourcesBuildPhase section */
		C53BD2512B7E217D0078D28E /* Sources */ = {
			isa = PBXSourcesBuildPhase;
			buildActionMask = 2147483647;
			files = (
				C58190952B8CD27B001BE36E /* HomeViewController.swift in Sources */,
				C5142E0B2B83624800384411 /* AuthorizationCheckoxViewModel.swift in Sources */,
				C53BD2752B7E24E30078D28E /* AppCoordinator.swift in Sources */,
				C511A82D2B812474002DB0E4 /* OnboardingModuleFactory.swift in Sources */,
				C511A8292B811ED9002DB0E4 /* Font.swift in Sources */,
				C53BD2772B7E253D0078D28E /* Coordinator.swift in Sources */,
				C5F55BC12B87D9810053D5BB /* OTPTextField.swift in Sources */,
				C53BD2592B7E217D0078D28E /* AppDelegate.swift in Sources */,
				C5D9DCDD2B8B3D36000B010C /* PasswordValidatationService.swift in Sources */,
				C581908E2B8CCC53001BE36E /* MainCoordinator.swift in Sources */,
				C53BD28A2B7E335F0078D28E /* OnboardingViewModel.swift in Sources */,
				C581908B2B8CCBF0001BE36E /* ContainerController.swift in Sources */,
				C5142E0E2B836DD200384411 /* ActionButton.swift in Sources */,
				C53BD27F2B7E27850078D28E /* OnboardingViewController.swift in Sources */,
				C50597B52B8235C00058B519 /* AuthorizationCheckboxView.swift in Sources */,
				C5D9DCDB2B8B3842000B010C /* PasswordResetViewController.swift in Sources */,
				C5142E082B835FE400384411 /* UITextField+ViewPadding.swift in Sources */,
				C50597B02B821CE90058B519 /* AuthorizationCoordinator.swift in Sources */,
				C5F55BBF2B8772100053D5BB /* OTPViewController.swift in Sources */,
				C53BD2872B7E2EE80078D28E /* OnboardingView.swift in Sources */,
				C50597AE2B821C9D0058B519 /* AuthorizationModuleFactory.swift in Sources */,
				C511A82B2B81246B002DB0E4 /* OnboardingCoordinator.swift in Sources */,
				C58190902B8CCDA6001BE36E /* MainModuleFactory.swift in Sources */,
				C53BD2792B7E258C0078D28E /* Router.swift in Sources */,
				C50597AC2B821C240058B519 /* AuthorizationViewController.swift in Sources */,
			);
			runOnlyForDeploymentPostprocessing = 0;
		};
/* End PBXSourcesBuildPhase section */

/* Begin PBXVariantGroup section */
		C53BD2632B7E217F0078D28E /* LaunchScreen.storyboard */ = {
			isa = PBXVariantGroup;
			children = (
				C53BD2642B7E217F0078D28E /* Base */,
			);
			name = LaunchScreen.storyboard;
			sourceTree = "<group>";
		};
/* End PBXVariantGroup section */

/* Begin XCBuildConfiguration section */
		C53BD2672B7E217F0078D28E /* Debug */ = {
			isa = XCBuildConfiguration;
			buildSettings = {
				ALWAYS_SEARCH_USER_PATHS = NO;
				ASSETCATALOG_COMPILER_GENERATE_SWIFT_ASSET_SYMBOL_EXTENSIONS = YES;
				CLANG_ANALYZER_NONNULL = YES;
				CLANG_ANALYZER_NUMBER_OBJECT_CONVERSION = YES_AGGRESSIVE;
				CLANG_CXX_LANGUAGE_STANDARD = "gnu++20";
				CLANG_ENABLE_MODULES = YES;
				CLANG_ENABLE_OBJC_ARC = YES;
				CLANG_ENABLE_OBJC_WEAK = YES;
				CLANG_WARN_BLOCK_CAPTURE_AUTORELEASING = YES;
				CLANG_WARN_BOOL_CONVERSION = YES;
				CLANG_WARN_COMMA = YES;
				CLANG_WARN_CONSTANT_CONVERSION = YES;
				CLANG_WARN_DEPRECATED_OBJC_IMPLEMENTATIONS = YES;
				CLANG_WARN_DIRECT_OBJC_ISA_USAGE = YES_ERROR;
				CLANG_WARN_DOCUMENTATION_COMMENTS = YES;
				CLANG_WARN_EMPTY_BODY = YES;
				CLANG_WARN_ENUM_CONVERSION = YES;
				CLANG_WARN_INFINITE_RECURSION = YES;
				CLANG_WARN_INT_CONVERSION = YES;
				CLANG_WARN_NON_LITERAL_NULL_CONVERSION = YES;
				CLANG_WARN_OBJC_IMPLICIT_RETAIN_SELF = YES;
				CLANG_WARN_OBJC_LITERAL_CONVERSION = YES;
				CLANG_WARN_OBJC_ROOT_CLASS = YES_ERROR;
				CLANG_WARN_QUOTED_INCLUDE_IN_FRAMEWORK_HEADER = YES;
				CLANG_WARN_RANGE_LOOP_ANALYSIS = YES;
				CLANG_WARN_STRICT_PROTOTYPES = YES;
				CLANG_WARN_SUSPICIOUS_MOVE = YES;
				CLANG_WARN_UNGUARDED_AVAILABILITY = YES_AGGRESSIVE;
				CLANG_WARN_UNREACHABLE_CODE = YES;
				CLANG_WARN__DUPLICATE_METHOD_MATCH = YES;
				COPY_PHASE_STRIP = NO;
				DEBUG_INFORMATION_FORMAT = dwarf;
				ENABLE_STRICT_OBJC_MSGSEND = YES;
				ENABLE_TESTABILITY = YES;
				ENABLE_USER_SCRIPT_SANDBOXING = YES;
				GCC_C_LANGUAGE_STANDARD = gnu17;
				GCC_DYNAMIC_NO_PIC = NO;
				GCC_NO_COMMON_BLOCKS = YES;
				GCC_OPTIMIZATION_LEVEL = 0;
				GCC_PREPROCESSOR_DEFINITIONS = (
					"DEBUG=1",
					"$(inherited)",
				);
				GCC_WARN_64_TO_32_BIT_CONVERSION = YES;
				GCC_WARN_ABOUT_RETURN_TYPE = YES_ERROR;
				GCC_WARN_UNDECLARED_SELECTOR = YES;
				GCC_WARN_UNINITIALIZED_AUTOS = YES_AGGRESSIVE;
				GCC_WARN_UNUSED_FUNCTION = YES;
				GCC_WARN_UNUSED_VARIABLE = YES;
				IPHONEOS_DEPLOYMENT_TARGET = 17.2;
				LOCALIZATION_PREFERS_STRING_CATALOGS = YES;
				MTL_ENABLE_DEBUG_INFO = INCLUDE_SOURCE;
				MTL_FAST_MATH = YES;
				ONLY_ACTIVE_ARCH = YES;
				SDKROOT = iphoneos;
				SWIFT_ACTIVE_COMPILATION_CONDITIONS = "DEBUG $(inherited)";
				SWIFT_OPTIMIZATION_LEVEL = "-Onone";
			};
			name = Debug;
		};
		C53BD2682B7E217F0078D28E /* Release */ = {
			isa = XCBuildConfiguration;
			buildSettings = {
				ALWAYS_SEARCH_USER_PATHS = NO;
				ASSETCATALOG_COMPILER_GENERATE_SWIFT_ASSET_SYMBOL_EXTENSIONS = YES;
				CLANG_ANALYZER_NONNULL = YES;
				CLANG_ANALYZER_NUMBER_OBJECT_CONVERSION = YES_AGGRESSIVE;
				CLANG_CXX_LANGUAGE_STANDARD = "gnu++20";
				CLANG_ENABLE_MODULES = YES;
				CLANG_ENABLE_OBJC_ARC = YES;
				CLANG_ENABLE_OBJC_WEAK = YES;
				CLANG_WARN_BLOCK_CAPTURE_AUTORELEASING = YES;
				CLANG_WARN_BOOL_CONVERSION = YES;
				CLANG_WARN_COMMA = YES;
				CLANG_WARN_CONSTANT_CONVERSION = YES;
				CLANG_WARN_DEPRECATED_OBJC_IMPLEMENTATIONS = YES;
				CLANG_WARN_DIRECT_OBJC_ISA_USAGE = YES_ERROR;
				CLANG_WARN_DOCUMENTATION_COMMENTS = YES;
				CLANG_WARN_EMPTY_BODY = YES;
				CLANG_WARN_ENUM_CONVERSION = YES;
				CLANG_WARN_INFINITE_RECURSION = YES;
				CLANG_WARN_INT_CONVERSION = YES;
				CLANG_WARN_NON_LITERAL_NULL_CONVERSION = YES;
				CLANG_WARN_OBJC_IMPLICIT_RETAIN_SELF = YES;
				CLANG_WARN_OBJC_LITERAL_CONVERSION = YES;
				CLANG_WARN_OBJC_ROOT_CLASS = YES_ERROR;
				CLANG_WARN_QUOTED_INCLUDE_IN_FRAMEWORK_HEADER = YES;
				CLANG_WARN_RANGE_LOOP_ANALYSIS = YES;
				CLANG_WARN_STRICT_PROTOTYPES = YES;
				CLANG_WARN_SUSPICIOUS_MOVE = YES;
				CLANG_WARN_UNGUARDED_AVAILABILITY = YES_AGGRESSIVE;
				CLANG_WARN_UNREACHABLE_CODE = YES;
				CLANG_WARN__DUPLICATE_METHOD_MATCH = YES;
				COPY_PHASE_STRIP = NO;
				DEBUG_INFORMATION_FORMAT = "dwarf-with-dsym";
				ENABLE_NS_ASSERTIONS = NO;
				ENABLE_STRICT_OBJC_MSGSEND = YES;
				ENABLE_USER_SCRIPT_SANDBOXING = YES;
				GCC_C_LANGUAGE_STANDARD = gnu17;
				GCC_NO_COMMON_BLOCKS = YES;
				GCC_WARN_64_TO_32_BIT_CONVERSION = YES;
				GCC_WARN_ABOUT_RETURN_TYPE = YES_ERROR;
				GCC_WARN_UNDECLARED_SELECTOR = YES;
				GCC_WARN_UNINITIALIZED_AUTOS = YES_AGGRESSIVE;
				GCC_WARN_UNUSED_FUNCTION = YES;
				GCC_WARN_UNUSED_VARIABLE = YES;
				IPHONEOS_DEPLOYMENT_TARGET = 17.2;
				LOCALIZATION_PREFERS_STRING_CATALOGS = YES;
				MTL_ENABLE_DEBUG_INFO = NO;
				MTL_FAST_MATH = YES;
				SDKROOT = iphoneos;
				SWIFT_COMPILATION_MODE = wholemodule;
				VALIDATE_PRODUCT = YES;
			};
			name = Release;
		};
		C53BD26A2B7E217F0078D28E /* Debug */ = {
			isa = XCBuildConfiguration;
			buildSettings = {
				ASSETCATALOG_COMPILER_APPICON_NAME = AppIcon;
				ASSETCATALOG_COMPILER_GLOBAL_ACCENT_COLOR_NAME = AccentColor;
				CODE_SIGN_STYLE = Automatic;
				CURRENT_PROJECT_VERSION = 1;
				DEVELOPMENT_TEAM = 9RSGP9843T;
				GENERATE_INFOPLIST_FILE = YES;
				INFOPLIST_FILE = Mapster/App/Resources/Info.plist;
				INFOPLIST_KEY_UIApplicationSupportsIndirectInputEvents = YES;
				INFOPLIST_KEY_UILaunchStoryboardName = LaunchScreen;
				INFOPLIST_KEY_UISupportedInterfaceOrientations_iPad = "UIInterfaceOrientationPortrait UIInterfaceOrientationPortraitUpsideDown UIInterfaceOrientationLandscapeLeft UIInterfaceOrientationLandscapeRight";
				INFOPLIST_KEY_UISupportedInterfaceOrientations_iPhone = "UIInterfaceOrientationPortrait UIInterfaceOrientationLandscapeLeft UIInterfaceOrientationLandscapeRight";
				LD_RUNPATH_SEARCH_PATHS = (
					"$(inherited)",
					"@executable_path/Frameworks",
				);
				MARKETING_VERSION = 1.0;
				PRODUCT_BUNDLE_IDENTIFIER = kz.mapster.Mapster;
				PRODUCT_NAME = "$(TARGET_NAME)";
				SUPPORTED_PLATFORMS = "iphoneos iphonesimulator";
				SUPPORTS_MACCATALYST = NO;
				SUPPORTS_MAC_DESIGNED_FOR_IPHONE_IPAD = NO;
				SUPPORTS_XR_DESIGNED_FOR_IPHONE_IPAD = NO;
				SWIFT_EMIT_LOC_STRINGS = YES;
				SWIFT_VERSION = 5.0;
				TARGETED_DEVICE_FAMILY = "1,2";
			};
			name = Debug;
		};
		C53BD26B2B7E217F0078D28E /* Release */ = {
			isa = XCBuildConfiguration;
			buildSettings = {
				ASSETCATALOG_COMPILER_APPICON_NAME = AppIcon;
				ASSETCATALOG_COMPILER_GLOBAL_ACCENT_COLOR_NAME = AccentColor;
				CODE_SIGN_STYLE = Automatic;
				CURRENT_PROJECT_VERSION = 1;
				DEVELOPMENT_TEAM = 9RSGP9843T;
				GENERATE_INFOPLIST_FILE = YES;
				INFOPLIST_FILE = Mapster/App/Resources/Info.plist;
				INFOPLIST_KEY_UIApplicationSupportsIndirectInputEvents = YES;
				INFOPLIST_KEY_UILaunchStoryboardName = LaunchScreen;
				INFOPLIST_KEY_UISupportedInterfaceOrientations_iPad = "UIInterfaceOrientationPortrait UIInterfaceOrientationPortraitUpsideDown UIInterfaceOrientationLandscapeLeft UIInterfaceOrientationLandscapeRight";
				INFOPLIST_KEY_UISupportedInterfaceOrientations_iPhone = "UIInterfaceOrientationPortrait UIInterfaceOrientationLandscapeLeft UIInterfaceOrientationLandscapeRight";
				LD_RUNPATH_SEARCH_PATHS = (
					"$(inherited)",
					"@executable_path/Frameworks",
				);
				MARKETING_VERSION = 1.0;
				PRODUCT_BUNDLE_IDENTIFIER = kz.mapster.Mapster;
				PRODUCT_NAME = "$(TARGET_NAME)";
				SUPPORTED_PLATFORMS = "iphoneos iphonesimulator";
				SUPPORTS_MACCATALYST = NO;
				SUPPORTS_MAC_DESIGNED_FOR_IPHONE_IPAD = NO;
				SUPPORTS_XR_DESIGNED_FOR_IPHONE_IPAD = NO;
				SWIFT_EMIT_LOC_STRINGS = YES;
				SWIFT_VERSION = 5.0;
				TARGETED_DEVICE_FAMILY = "1,2";
			};
			name = Release;
		};
/* End XCBuildConfiguration section */

/* Begin XCConfigurationList section */
		C53BD2502B7E217D0078D28E /* Build configuration list for PBXProject "Mapster" */ = {
			isa = XCConfigurationList;
			buildConfigurations = (
				C53BD2672B7E217F0078D28E /* Debug */,
				C53BD2682B7E217F0078D28E /* Release */,
			);
			defaultConfigurationIsVisible = 0;
			defaultConfigurationName = Release;
		};
		C53BD2692B7E217F0078D28E /* Build configuration list for PBXNativeTarget "Mapster" */ = {
			isa = XCConfigurationList;
			buildConfigurations = (
				C53BD26A2B7E217F0078D28E /* Debug */,
				C53BD26B2B7E217F0078D28E /* Release */,
			);
			defaultConfigurationIsVisible = 0;
			defaultConfigurationName = Release;
		};
/* End XCConfigurationList section */

/* Begin XCRemoteSwiftPackageReference section */
		C50597B12B8233BF0058B519 /* XCRemoteSwiftPackageReference "IQKeyboardManager" */ = {
			isa = XCRemoteSwiftPackageReference;
			repositoryURL = "https://github.com/hackiftekhar/IQKeyboardManager";
			requirement = {
				kind = upToNextMajorVersion;
				minimumVersion = 7.0.1;
			};
		};
		C53BD2802B7E28720078D28E /* XCRemoteSwiftPackageReference "SnapKit" */ = {
			isa = XCRemoteSwiftPackageReference;
			repositoryURL = "https://github.com/SnapKit/SnapKit.git";
			requirement = {
				kind = upToNextMajorVersion;
				minimumVersion = 5.7.0;
			};
		};
/* End XCRemoteSwiftPackageReference section */

/* Begin XCSwiftPackageProductDependency section */
		C50597B22B8233BF0058B519 /* IQKeyboardManagerSwift */ = {
			isa = XCSwiftPackageProductDependency;
			package = C50597B12B8233BF0058B519 /* XCRemoteSwiftPackageReference "IQKeyboardManager" */;
			productName = IQKeyboardManagerSwift;
		};
		C53BD2812B7E28720078D28E /* SnapKit */ = {
			isa = XCSwiftPackageProductDependency;
			package = C53BD2802B7E28720078D28E /* XCRemoteSwiftPackageReference "SnapKit" */;
			productName = SnapKit;
		};
		C53BD2832B7E28720078D28E /* SnapKit-Dynamic */ = {
			isa = XCSwiftPackageProductDependency;
			package = C53BD2802B7E28720078D28E /* XCRemoteSwiftPackageReference "SnapKit" */;
			productName = "SnapKit-Dynamic";
		};
/* End XCSwiftPackageProductDependency section */
	};
	rootObject = C53BD24D2B7E217D0078D28E /* Project object */;
}
